// !$*UTF8*$!
{
	archiveVersion = 1;
	classes = {
	};
	objectVersion = 46;
	objects = {

/* Begin PBXBuildFile section */
		1E2847F71D1ADDB900189A83 /* main.m in Sources */ = {isa = PBXBuildFile; fileRef = 1E2847F61D1ADDB900189A83 /* main.m */; };
		1E2847FA1D1ADDB900189A83 /* EverywhereAppDelegate.m in Sources */ = {isa = PBXBuildFile; fileRef = 1E2847F91D1ADDB900189A83 /* EverywhereAppDelegate.m */; };
		1E2848031D1ADDB900189A83 /* Everywhere.xcdatamodeld in Sources */ = {isa = PBXBuildFile; fileRef = 1E2848011D1ADDB900189A83 /* Everywhere.xcdatamodeld */; };
		1E2848051D1ADDB900189A83 /* Assets.xcassets in Resources */ = {isa = PBXBuildFile; fileRef = 1E2848041D1ADDB900189A83 /* Assets.xcassets */; };
		1E2848081D1ADDB900189A83 /* LaunchScreen.storyboard in Resources */ = {isa = PBXBuildFile; fileRef = 1E2848061D1ADDB900189A83 /* LaunchScreen.storyboard */; };
		1E2848141D1ADEC300189A83 /* StoreKit.framework in Frameworks */ = {isa = PBXBuildFile; fileRef = 1E2848131D1ADEC300189A83 /* StoreKit.framework */; };
		1E2848171D1ADFF400189A83 /* CoreLocation.framework in Frameworks */ = {isa = PBXBuildFile; fileRef = 1E2848161D1ADFF400189A83 /* CoreLocation.framework */; };
		1E2848191D1AE00000189A83 /* Photos.framework in Frameworks */ = {isa = PBXBuildFile; fileRef = 1E2848181D1AE00000189A83 /* Photos.framework */; };
		1E28481D1D1AE0FD00189A83 /* EverywhereVisualViewControllers.m in Sources */ = {isa = PBXBuildFile; fileRef = 1E28481C1D1AE0FD00189A83 /* EverywhereVisualViewControllers.m */; };
		1E9D5D421D1E2AFE00E8B630 /* WGS84TOGCJ02.m in Sources */ = {isa = PBXBuildFile; fileRef = 1E9D5D411D1E2AFE00E8B630 /* WGS84TOGCJ02.m */; };
		1E9D5D441D1E8F2D00E8B630 /* Everywhere.rtf in Resources */ = {isa = PBXBuildFile; fileRef = 1E9D5D431D1E8F2D00E8B630 /* Everywhere.rtf */; };
		4B001CD41D21002700DF7287 /* CTPImageBrowserVC.m in Sources */ = {isa = PBXBuildFile; fileRef = 4B001CCD1D21002700DF7287 /* CTPImageBrowserVC.m */; };
		4B001CD51D21002700DF7287 /* CTPImageView.m in Sources */ = {isa = PBXBuildFile; fileRef = 4B001CCF1D21002700DF7287 /* CTPImageView.m */; };
		4B001CD61D21002700DF7287 /* CTPMultiImage.m in Sources */ = {isa = PBXBuildFile; fileRef = 4B001CD11D21002700DF7287 /* CTPMultiImage.m */; };
		4B001CD71D21002700DF7287 /* CTPWaitingView.m in Sources */ = {isa = PBXBuildFile; fileRef = 4B001CD31D21002700DF7287 /* CTPWaitingView.m */; };
		4B001CDE1D2125FC00DF7287 /* CLPlacemark+Assistant.m in Sources */ = {isa = PBXBuildFile; fileRef = 4B001CDD1D2125FC00DF7287 /* CLPlacemark+Assistant.m */; };
		4B3C10081D1CDCA700C20C72 /* UIView+AutoLayout.m in Sources */ = {isa = PBXBuildFile; fileRef = 4B3C10071D1CDCA700C20C72 /* UIView+AutoLayout.m */; };
/* End PBXBuildFile section */

/* Begin PBXFileReference section */
		1E2847F21D1ADDB900189A83 /* Everywhere.app */ = {isa = PBXFileReference; explicitFileType = wrapper.application; includeInIndex = 0; path = Everywhere.app; sourceTree = BUILT_PRODUCTS_DIR; };
		1E2847F61D1ADDB900189A83 /* main.m */ = {isa = PBXFileReference; lastKnownFileType = sourcecode.c.objc; path = main.m; sourceTree = "<group>"; };
		1E2847F81D1ADDB900189A83 /* EverywhereAppDelegate.h */ = {isa = PBXFileReference; lastKnownFileType = sourcecode.c.h; path = EverywhereAppDelegate.h; sourceTree = "<group>"; };
		1E2847F91D1ADDB900189A83 /* EverywhereAppDelegate.m */ = {isa = PBXFileReference; lastKnownFileType = sourcecode.c.objc; path = EverywhereAppDelegate.m; sourceTree = "<group>"; };
		1E2848021D1ADDB900189A83 /* Everywhere.xcdatamodel */ = {isa = PBXFileReference; lastKnownFileType = wrapper.xcdatamodel; path = Everywhere.xcdatamodel; sourceTree = "<group>"; };
		1E2848041D1ADDB900189A83 /* Assets.xcassets */ = {isa = PBXFileReference; lastKnownFileType = folder.assetcatalog; path = Assets.xcassets; sourceTree = "<group>"; };
		1E2848071D1ADDB900189A83 /* Base */ = {isa = PBXFileReference; lastKnownFileType = file.storyboard; name = Base; path = Base.lproj/LaunchScreen.storyboard; sourceTree = "<group>"; };
		1E2848091D1ADDB900189A83 /* Info.plist */ = {isa = PBXFileReference; lastKnownFileType = text.plist.xml; path = Info.plist; sourceTree = "<group>"; };
		1E2848131D1ADEC300189A83 /* StoreKit.framework */ = {isa = PBXFileReference; lastKnownFileType = wrapper.framework; name = StoreKit.framework; path = System/Library/Frameworks/StoreKit.framework; sourceTree = SDKROOT; };
		1E2848151D1ADF6700189A83 /* Everywhere.entitlements */ = {isa = PBXFileReference; lastKnownFileType = text.xml; path = Everywhere.entitlements; sourceTree = "<group>"; };
		1E2848161D1ADFF400189A83 /* CoreLocation.framework */ = {isa = PBXFileReference; lastKnownFileType = wrapper.framework; name = CoreLocation.framework; path = System/Library/Frameworks/CoreLocation.framework; sourceTree = SDKROOT; };
		1E2848181D1AE00000189A83 /* Photos.framework */ = {isa = PBXFileReference; lastKnownFileType = wrapper.framework; name = Photos.framework; path = System/Library/Frameworks/Photos.framework; sourceTree = SDKROOT; };
		1E28481B1D1AE0FD00189A83 /* EverywhereVisualViewControllers.h */ = {isa = PBXFileReference; fileEncoding = 4; lastKnownFileType = sourcecode.c.h; path = EverywhereVisualViewControllers.h; sourceTree = "<group>"; };
		1E28481C1D1AE0FD00189A83 /* EverywhereVisualViewControllers.m */ = {isa = PBXFileReference; fileEncoding = 4; lastKnownFileType = sourcecode.c.objc; path = EverywhereVisualViewControllers.m; sourceTree = "<group>"; };
		1E9D5D401D1E2AFE00E8B630 /* WGS84TOGCJ02.h */ = {isa = PBXFileReference; fileEncoding = 4; lastKnownFileType = sourcecode.c.h; name = WGS84TOGCJ02.h; path = WGS84TOGCJ02/WGS84TOGCJ02.h; sourceTree = "<group>"; };
		1E9D5D411D1E2AFE00E8B630 /* WGS84TOGCJ02.m */ = {isa = PBXFileReference; fileEncoding = 4; lastKnownFileType = sourcecode.c.objc; name = WGS84TOGCJ02.m; path = WGS84TOGCJ02/WGS84TOGCJ02.m; sourceTree = "<group>"; };
		1E9D5D431D1E8F2D00E8B630 /* Everywhere.rtf */ = {isa = PBXFileReference; fileEncoding = 4; lastKnownFileType = text.rtf; path = Everywhere.rtf; sourceTree = "<group>"; };
		4B001CCB1D21002700DF7287 /* CTPImageBrowserConfig.h */ = {isa = PBXFileReference; fileEncoding = 4; lastKnownFileType = sourcecode.c.h; path = CTPImageBrowserConfig.h; sourceTree = "<group>"; };
		4B001CCC1D21002700DF7287 /* CTPImageBrowserVC.h */ = {isa = PBXFileReference; fileEncoding = 4; lastKnownFileType = sourcecode.c.h; path = CTPImageBrowserVC.h; sourceTree = "<group>"; };
		4B001CCD1D21002700DF7287 /* CTPImageBrowserVC.m */ = {isa = PBXFileReference; fileEncoding = 4; lastKnownFileType = sourcecode.c.objc; path = CTPImageBrowserVC.m; sourceTree = "<group>"; };
		4B001CCE1D21002700DF7287 /* CTPImageView.h */ = {isa = PBXFileReference; fileEncoding = 4; lastKnownFileType = sourcecode.c.h; path = CTPImageView.h; sourceTree = "<group>"; };
		4B001CCF1D21002700DF7287 /* CTPImageView.m */ = {isa = PBXFileReference; fileEncoding = 4; lastKnownFileType = sourcecode.c.objc; path = CTPImageView.m; sourceTree = "<group>"; };
		4B001CD01D21002700DF7287 /* CTPMultiImage.h */ = {isa = PBXFileReference; fileEncoding = 4; lastKnownFileType = sourcecode.c.h; path = CTPMultiImage.h; sourceTree = "<group>"; };
		4B001CD11D21002700DF7287 /* CTPMultiImage.m */ = {isa = PBXFileReference; fileEncoding = 4; lastKnownFileType = sourcecode.c.objc; path = CTPMultiImage.m; sourceTree = "<group>"; };
		4B001CD21D21002700DF7287 /* CTPWaitingView.h */ = {isa = PBXFileReference; fileEncoding = 4; lastKnownFileType = sourcecode.c.h; path = CTPWaitingView.h; sourceTree = "<group>"; };
		4B001CD31D21002700DF7287 /* CTPWaitingView.m */ = {isa = PBXFileReference; fileEncoding = 4; lastKnownFileType = sourcecode.c.objc; path = CTPWaitingView.m; sourceTree = "<group>"; };
		4B001CDC1D2125FC00DF7287 /* CLPlacemark+Assistant.h */ = {isa = PBXFileReference; fileEncoding = 4; lastKnownFileType = sourcecode.c.h; name = "CLPlacemark+Assistant.h"; path = "CLPlacemark+Assistant/CLPlacemark+Assistant.h"; sourceTree = "<group>"; };
		4B001CDD1D2125FC00DF7287 /* CLPlacemark+Assistant.m */ = {isa = PBXFileReference; fileEncoding = 4; lastKnownFileType = sourcecode.c.objc; name = "CLPlacemark+Assistant.m"; path = "CLPlacemark+Assistant/CLPlacemark+Assistant.m"; sourceTree = "<group>"; };
		4B3C10061D1CDCA700C20C72 /* UIView+AutoLayout.h */ = {isa = PBXFileReference; fileEncoding = 4; lastKnownFileType = sourcecode.c.h; path = "UIView+AutoLayout.h"; sourceTree = "<group>"; };
		4B3C10071D1CDCA700C20C72 /* UIView+AutoLayout.m */ = {isa = PBXFileReference; fileEncoding = 4; lastKnownFileType = sourcecode.c.objc; path = "UIView+AutoLayout.m"; sourceTree = "<group>"; };
/* End PBXFileReference section */

/* Begin PBXFrameworksBuildPhase section */
		1E2847EF1D1ADDB900189A83 /* Frameworks */ = {
			isa = PBXFrameworksBuildPhase;
			buildActionMask = 2147483647;
			files = (
				1E2848191D1AE00000189A83 /* Photos.framework in Frameworks */,
				1E2848171D1ADFF400189A83 /* CoreLocation.framework in Frameworks */,
				1E2848141D1ADEC300189A83 /* StoreKit.framework in Frameworks */,
			);
			runOnlyForDeploymentPostprocessing = 0;
		};
/* End PBXFrameworksBuildPhase section */

/* Begin PBXGroup section */
		1E2847E91D1ADDB900189A83 = {
			isa = PBXGroup;
			children = (
				1E2847F31D1ADDB900189A83 /* Products */,
				1E28481A1D1AE00C00189A83 /* Frameworks */,
				1E2847F41D1ADDB900189A83 /* Everywhere */,
			);
			sourceTree = "<group>";
		};
		1E2847F31D1ADDB900189A83 /* Products */ = {
			isa = PBXGroup;
			children = (
				1E2847F21D1ADDB900189A83 /* Everywhere.app */,
			);
			name = Products;
			sourceTree = "<group>";
		};
		1E2847F41D1ADDB900189A83 /* Everywhere */ = {
			isa = PBXGroup;
			children = (
				4B001CD81D21252400DF7287 /* CLPlacemark+Assistant */,
				4B001CCA1D21002700DF7287 /* CTPImageBrowser */,
				1E9D5D3F1D1E2ADB00E8B630 /* WGS84TOGCJ02 */,
				4B3C10051D1CDCA700C20C72 /* UIView+AutoLayout */,
				1E2848151D1ADF6700189A83 /* Everywhere.entitlements */,
				1E2848011D1ADDB900189A83 /* Everywhere.xcdatamodeld */,
				1E2847F61D1ADDB900189A83 /* main.m */,
				1E2848091D1ADDB900189A83 /* Info.plist */,
				1E2847F81D1ADDB900189A83 /* EverywhereAppDelegate.h */,
				1E2847F91D1ADDB900189A83 /* EverywhereAppDelegate.m */,
				1E28481B1D1AE0FD00189A83 /* EverywhereVisualViewControllers.h */,
				1E28481C1D1AE0FD00189A83 /* EverywhereVisualViewControllers.m */,
				1E9D5D431D1E8F2D00E8B630 /* Everywhere.rtf */,
				1E2848041D1ADDB900189A83 /* Assets.xcassets */,
				1E2848061D1ADDB900189A83 /* LaunchScreen.storyboard */,
			);
			path = Everywhere;
			sourceTree = "<group>";
		};
		1E28481A1D1AE00C00189A83 /* Frameworks */ = {
			isa = PBXGroup;
			children = (
				1E2848181D1AE00000189A83 /* Photos.framework */,
				1E2848161D1ADFF400189A83 /* CoreLocation.framework */,
				1E2848131D1ADEC300189A83 /* StoreKit.framework */,
			);
			name = Frameworks;
			sourceTree = "<group>";
		};
		1E9D5D3F1D1E2ADB00E8B630 /* WGS84TOGCJ02 */ = {
			isa = PBXGroup;
			children = (
				1E9D5D401D1E2AFE00E8B630 /* WGS84TOGCJ02.h */,
				1E9D5D411D1E2AFE00E8B630 /* WGS84TOGCJ02.m */,
			);
			name = WGS84TOGCJ02;
			sourceTree = "<group>";
		};
		4B001CCA1D21002700DF7287 /* CTPImageBrowser */ = {
			isa = PBXGroup;
			children = (
				4B001CCB1D21002700DF7287 /* CTPImageBrowserConfig.h */,
				4B001CCC1D21002700DF7287 /* CTPImageBrowserVC.h */,
				4B001CCD1D21002700DF7287 /* CTPImageBrowserVC.m */,
				4B001CCE1D21002700DF7287 /* CTPImageView.h */,
				4B001CCF1D21002700DF7287 /* CTPImageView.m */,
				4B001CD01D21002700DF7287 /* CTPMultiImage.h */,
				4B001CD11D21002700DF7287 /* CTPMultiImage.m */,
				4B001CD21D21002700DF7287 /* CTPWaitingView.h */,
				4B001CD31D21002700DF7287 /* CTPWaitingView.m */,
			);
			path = CTPImageBrowser;
			sourceTree = "<group>";
		};
		4B001CD81D21252400DF7287 /* CLPlacemark+Assistant */ = {
			isa = PBXGroup;
			children = (
				4B001CDC1D2125FC00DF7287 /* CLPlacemark+Assistant.h */,
				4B001CDD1D2125FC00DF7287 /* CLPlacemark+Assistant.m */,
			);
			name = "CLPlacemark+Assistant";
			sourceTree = "<group>";
		};
		4B3C10051D1CDCA700C20C72 /* UIView+AutoLayout */ = {
			isa = PBXGroup;
			children = (
				4B3C10061D1CDCA700C20C72 /* UIView+AutoLayout.h */,
				4B3C10071D1CDCA700C20C72 /* UIView+AutoLayout.m */,
			);
			path = "UIView+AutoLayout";
			sourceTree = "<group>";
		};
/* End PBXGroup section */

/* Begin PBXNativeTarget section */
		1E2847F11D1ADDB900189A83 /* Everywhere */ = {
			isa = PBXNativeTarget;
			buildConfigurationList = 1E28480C1D1ADDB900189A83 /* Build configuration list for PBXNativeTarget "Everywhere" */;
			buildPhases = (
				1E2847EE1D1ADDB900189A83 /* Sources */,
				1E2847EF1D1ADDB900189A83 /* Frameworks */,
				1E2847F01D1ADDB900189A83 /* Resources */,
			);
			buildRules = (
			);
			dependencies = (
			);
			name = Everywhere;
			productName = Everywhere;
			productReference = 1E2847F21D1ADDB900189A83 /* Everywhere.app */;
			productType = "com.apple.product-type.application";
		};
/* End PBXNativeTarget section */

/* Begin PBXProject section */
		1E2847EA1D1ADDB900189A83 /* Project object */ = {
			isa = PBXProject;
			attributes = {
				LastUpgradeCheck = 0720;
				ORGANIZATIONNAME = ZhangBaoGuo;
				TargetAttributes = {
					1E2847F11D1ADDB900189A83 = {
						CreatedOnToolsVersion = 7.2;
						DevelopmentTeam = 9R3WHNFTF3;
						SystemCapabilities = {
							com.apple.InAppPurchase = {
								enabled = 1;
							};
							com.apple.Maps.iOS = {
								enabled = 0;
							};
							com.apple.Push = {
								enabled = 1;
							};
							com.apple.iCloud = {
								enabled = 1;
							};
						};
					};
				};
			};
			buildConfigurationList = 1E2847ED1D1ADDB900189A83 /* Build configuration list for PBXProject "Everywhere" */;
			compatibilityVersion = "Xcode 3.2";
			developmentRegion = English;
			hasScannedForEncodings = 0;
			knownRegions = (
				en,
				Base,
			);
			mainGroup = 1E2847E91D1ADDB900189A83;
			productRefGroup = 1E2847F31D1ADDB900189A83 /* Products */;
			projectDirPath = "";
			projectRoot = "";
			targets = (
				1E2847F11D1ADDB900189A83 /* Everywhere */,
			);
		};
/* End PBXProject section */

/* Begin PBXResourcesBuildPhase section */
		1E2847F01D1ADDB900189A83 /* Resources */ = {
			isa = PBXResourcesBuildPhase;
			buildActionMask = 2147483647;
			files = (
				1E9D5D441D1E8F2D00E8B630 /* Everywhere.rtf in Resources */,
				1E2848081D1ADDB900189A83 /* LaunchScreen.storyboard in Resources */,
				1E2848051D1ADDB900189A83 /* Assets.xcassets in Resources */,
			);
			runOnlyForDeploymentPostprocessing = 0;
		};
/* End PBXResourcesBuildPhase section */

/* Begin PBXSourcesBuildPhase section */
		1E2847EE1D1ADDB900189A83 /* Sources */ = {
			isa = PBXSourcesBuildPhase;
			buildActionMask = 2147483647;
			files = (
				4B3C10081D1CDCA700C20C72 /* UIView+AutoLayout.m in Sources */,
				1E9D5D421D1E2AFE00E8B630 /* WGS84TOGCJ02.m in Sources */,
				1E28481D1D1AE0FD00189A83 /* EverywhereVisualViewControllers.m in Sources */,
				4B001CD41D21002700DF7287 /* CTPImageBrowserVC.m in Sources */,
				1E2848031D1ADDB900189A83 /* Everywhere.xcdatamodeld in Sources */,
				4B001CD61D21002700DF7287 /* CTPMultiImage.m in Sources */,
				1E2847FA1D1ADDB900189A83 /* EverywhereAppDelegate.m in Sources */,
				4B001CD51D21002700DF7287 /* CTPImageView.m in Sources */,
				4B001CD71D21002700DF7287 /* CTPWaitingView.m in Sources */,
				1E2847F71D1ADDB900189A83 /* main.m in Sources */,
				4B001CDE1D2125FC00DF7287 /* CLPlacemark+Assistant.m in Sources */,
			);
			runOnlyForDeploymentPostprocessing = 0;
		};
/* End PBXSourcesBuildPhase section */

/* Begin PBXVariantGroup section */
		1E2848061D1ADDB900189A83 /* LaunchScreen.storyboard */ = {
			isa = PBXVariantGroup;
			children = (
				1E2848071D1ADDB900189A83 /* Base */,
			);
			name = LaunchScreen.storyboard;
			sourceTree = "<group>";
		};
/* End PBXVariantGroup section */

/* Begin XCBuildConfiguration section */
		1E28480A1D1ADDB900189A83 /* Debug */ = {
			isa = XCBuildConfiguration;
			buildSettings = {
				ALWAYS_SEARCH_USER_PATHS = NO;
				CLANG_CXX_LANGUAGE_STANDARD = "gnu++0x";
				CLANG_CXX_LIBRARY = "libc++";
				CLANG_ENABLE_MODULES = YES;
				CLANG_ENABLE_OBJC_ARC = YES;
				CLANG_WARN_BOOL_CONVERSION = YES;
				CLANG_WARN_CONSTANT_CONVERSION = YES;
				CLANG_WARN_DIRECT_OBJC_ISA_USAGE = YES_ERROR;
				CLANG_WARN_EMPTY_BODY = YES;
				CLANG_WARN_ENUM_CONVERSION = YES;
				CLANG_WARN_INT_CONVERSION = YES;
				CLANG_WARN_OBJC_ROOT_CLASS = YES_ERROR;
				CLANG_WARN_UNREACHABLE_CODE = YES;
				CLANG_WARN__DUPLICATE_METHOD_MATCH = YES;
				"CODE_SIGN_IDENTITY[sdk=iphoneos*]" = "iPhone Developer";
				COPY_PHASE_STRIP = NO;
				DEBUG_INFORMATION_FORMAT = dwarf;
				ENABLE_STRICT_OBJC_MSGSEND = YES;
				ENABLE_TESTABILITY = YES;
				GCC_C_LANGUAGE_STANDARD = gnu99;
				GCC_DYNAMIC_NO_PIC = NO;
				GCC_NO_COMMON_BLOCKS = YES;
				GCC_OPTIMIZATION_LEVEL = 0;
				GCC_PREPROCESSOR_DEFINITIONS = (
					"DEBUG=1",
					"$(inherited)",
				);
				GCC_WARN_64_TO_32_BIT_CONVERSION = YES;
				GCC_WARN_ABOUT_RETURN_TYPE = YES_ERROR;
				GCC_WARN_UNDECLARED_SELECTOR = YES;
				GCC_WARN_UNINITIALIZED_AUTOS = YES_AGGRESSIVE;
				GCC_WARN_UNUSED_FUNCTION = YES;
				GCC_WARN_UNUSED_VARIABLE = YES;
				IPHONEOS_DEPLOYMENT_TARGET = 9.2;
				MTL_ENABLE_DEBUG_INFO = YES;
				ONLY_ACTIVE_ARCH = YES;
				SDKROOT = iphoneos;
				TARGETED_DEVICE_FAMILY = "1,2";
			};
			name = Debug;
		};
		1E28480B1D1ADDB900189A83 /* Release */ = {
			isa = XCBuildConfiguration;
			buildSettings = {
				ALWAYS_SEARCH_USER_PATHS = NO;
				CLANG_CXX_LANGUAGE_STANDARD = "gnu++0x";
				CLANG_CXX_LIBRARY = "libc++";
				CLANG_ENABLE_MODULES = YES;
				CLANG_ENABLE_OBJC_ARC = YES;
				CLANG_WARN_BOOL_CONVERSION = YES;
				CLANG_WARN_CONSTANT_CONVERSION = YES;
				CLANG_WARN_DIRECT_OBJC_ISA_USAGE = YES_ERROR;
				CLANG_WARN_EMPTY_BODY = YES;
				CLANG_WARN_ENUM_CONVERSION = YES;
				CLANG_WARN_INT_CONVERSION = YES;
				CLANG_WARN_OBJC_ROOT_CLASS = YES_ERROR;
				CLANG_WARN_UNREACHABLE_CODE = YES;
				CLANG_WARN__DUPLICATE_METHOD_MATCH = YES;
				"CODE_SIGN_IDENTITY[sdk=iphoneos*]" = "iPhone Developer";
				COPY_PHASE_STRIP = NO;
				DEBUG_INFORMATION_FORMAT = "dwarf-with-dsym";
				ENABLE_NS_ASSERTIONS = NO;
				ENABLE_STRICT_OBJC_MSGSEND = YES;
				GCC_C_LANGUAGE_STANDARD = gnu99;
				GCC_NO_COMMON_BLOCKS = YES;
				GCC_WARN_64_TO_32_BIT_CONVERSION = YES;
				GCC_WARN_ABOUT_RETURN_TYPE = YES_ERROR;
				GCC_WARN_UNDECLARED_SELECTOR = YES;
				GCC_WARN_UNINITIALIZED_AUTOS = YES_AGGRESSIVE;
				GCC_WARN_UNUSED_FUNCTION = YES;
				GCC_WARN_UNUSED_VARIABLE = YES;
				IPHONEOS_DEPLOYMENT_TARGET = 9.2;
				MTL_ENABLE_DEBUG_INFO = NO;
				SDKROOT = iphoneos;
				TARGETED_DEVICE_FAMILY = "1,2";
				VALIDATE_PRODUCT = YES;
			};
			name = Release;
		};
		1E28480D1D1ADDB900189A83 /* Debug */ = {
			isa = XCBuildConfiguration;
			buildSettings = {
				ASSETCATALOG_COMPILER_APPICON_NAME = AppIcon;
				CODE_SIGN_ENTITLEMENTS = Everywhere/Everywhere.entitlements;
				CODE_SIGN_IDENTITY = "iPhone Developer";
				"CODE_SIGN_IDENTITY[sdk=iphoneos*]" = "iPhone Developer";
				INFOPLIST_FILE = Everywhere/Info.plist;
				IPHONEOS_DEPLOYMENT_TARGET = 8.0;
				LD_RUNPATH_SEARCH_PATHS = "$(inherited) @executable_path/Frameworks";
				PRODUCT_BUNDLE_IDENTIFIER = com.ZhangBaoGuo.Everywhere;
				PRODUCT_NAME = "$(TARGET_NAME)";
				PROVISIONING_PROFILE = "";
			};
			name = Debug;
		};
		1E28480E1D1ADDB900189A83 /* Release */ = {
			isa = XCBuildConfiguration;
			buildSettings = {
				ASSETCATALOG_COMPILER_APPICON_NAME = AppIcon;
				CODE_SIGN_ENTITLEMENTS = Everywhere/Everywhere.entitlements;
				CODE_SIGN_IDENTITY = "iPhone Developer";
				"CODE_SIGN_IDENTITY[sdk=iphoneos*]" = "iPhone Developer";
				INFOPLIST_FILE = Everywhere/Info.plist;
				IPHONEOS_DEPLOYMENT_TARGET = 8.0;
				LD_RUNPATH_SEARCH_PATHS = "$(inherited) @executable_path/Frameworks";
				PRODUCT_BUNDLE_IDENTIFIER = com.ZhangBaoGuo.Everywhere;
				PRODUCT_NAME = "$(TARGET_NAME)";
				PROVISIONING_PROFILE = "";
			};
			name = Release;
		};
/* End XCBuildConfiguration section */

/* Begin XCConfigurationList section */
		1E2847ED1D1ADDB900189A83 /* Build configuration list for PBXProject "Everywhere" */ = {
			isa = XCConfigurationList;
			buildConfigurations = (
				1E28480A1D1ADDB900189A83 /* Debug */,
				1E28480B1D1ADDB900189A83 /* Release */,
			);
			defaultConfigurationIsVisible = 0;
			defaultConfigurationName = Release;
		};
		1E28480C1D1ADDB900189A83 /* Build configuration list for PBXNativeTarget "Everywhere" */ = {
			isa = XCConfigurationList;
			buildConfigurations = (
				1E28480D1D1ADDB900189A83 /* Debug */,
				1E28480E1D1ADDB900189A83 /* Release */,
			);
			defaultConfigurationIsVisible = 0;
			defaultConfigurationName = Release;
		};
/* End XCConfigurationList section */

/* Begin XCVersionGroup section */
		1E2848011D1ADDB900189A83 /* Everywhere.xcdatamodeld */ = {
			isa = XCVersionGroup;
			children = (
				1E2848021D1ADDB900189A83 /* Everywhere.xcdatamodel */,
			);
			currentVersion = 1E2848021D1ADDB900189A83 /* Everywhere.xcdatamodel */;
			path = Everywhere.xcdatamodeld;
			sourceTree = "<group>";
			versionGroupType = wrapper.xcdatamodel;
		};
/* End XCVersionGroup section */
	};
	rootObject = 1E2847EA1D1ADDB900189A83 /* Project object */;
}
