// !$*UTF8*$!
{
	archiveVersion = 1;
	classes = {
	};
	objectVersion = 46;
	objects = {

/* Begin PBXBuildFile section */
		1E2847F71D1ADDB900189A83 /* main.m in Sources */ = {isa = PBXBuildFile; fileRef = 1E2847F61D1ADDB900189A83 /* main.m */; };
		1E2847FA1D1ADDB900189A83 /* EverywhereAppDelegate.m in Sources */ = {isa = PBXBuildFile; fileRef = 1E2847F91D1ADDB900189A83 /* EverywhereAppDelegate.m */; };
		1E2848031D1ADDB900189A83 /* Everywhere.xcdatamodeld in Sources */ = {isa = PBXBuildFile; fileRef = 1E2848011D1ADDB900189A83 /* Everywhere.xcdatamodeld */; };
		1E2848051D1ADDB900189A83 /* Assets.xcassets in Resources */ = {isa = PBXBuildFile; fileRef = 1E2848041D1ADDB900189A83 /* Assets.xcassets */; };
		1E2848081D1ADDB900189A83 /* LaunchScreen.storyboard in Resources */ = {isa = PBXBuildFile; fileRef = 1E2848061D1ADDB900189A83 /* LaunchScreen.storyboard */; };
		1E2848141D1ADEC300189A83 /* StoreKit.framework in Frameworks */ = {isa = PBXBuildFile; fileRef = 1E2848131D1ADEC300189A83 /* StoreKit.framework */; };
		1E2848171D1ADFF400189A83 /* CoreLocation.framework in Frameworks */ = {isa = PBXBuildFile; fileRef = 1E2848161D1ADFF400189A83 /* CoreLocation.framework */; };
		1E2848191D1AE00000189A83 /* Photos.framework in Frameworks */ = {isa = PBXBuildFile; fileRef = 1E2848181D1AE00000189A83 /* Photos.framework */; };
		1E41FD211D2AB66100E1A5B9 /* LocationInfoBar.m in Sources */ = {isa = PBXBuildFile; fileRef = 1E41FD201D2AB66100E1A5B9 /* LocationInfoBar.m */; };
		1E5A54181D28FE0F0056CF46 /* AssetsMapProVC.m in Sources */ = {isa = PBXBuildFile; fileRef = 1E5A54171D28FE0F0056CF46 /* AssetsMapProVC.m */; };
		1E6521841D2899EE00F41860 /* GCPhotoManager.m in Sources */ = {isa = PBXBuildFile; fileRef = 1E6521831D2899EE00F41860 /* GCPhotoManager.m */; };
		1E6521861D28BC1F00F41860 /* badge.png in Resources */ = {isa = PBXBuildFile; fileRef = 1E6521851D28BC1F00F41860 /* badge.png */; };
		1E65218D1D28BFB500F41860 /* UIFont+Assistant.m in Sources */ = {isa = PBXBuildFile; fileRef = 1E65218C1D28BFB500F41860 /* UIFont+Assistant.m */; };
		1E6521961D28D56900F41860 /* GCLocationAnalyser.m in Sources */ = {isa = PBXBuildFile; fileRef = 1E6521951D28D56900F41860 /* GCLocationAnalyser.m */; };
		1E74C3081D268377000A9790 /* floatTableViewCell.m in Sources */ = {isa = PBXBuildFile; fileRef = 1E74C3041D268377000A9790 /* floatTableViewCell.m */; };
		1E74C3091D268377000A9790 /* floatTableViewCell.xib in Resources */ = {isa = PBXBuildFile; fileRef = 1E74C3051D268377000A9790 /* floatTableViewCell.xib */; };
		1E74C30A1D268377000A9790 /* VCFloatingActionButton.m in Sources */ = {isa = PBXBuildFile; fileRef = 1E74C3071D268377000A9790 /* VCFloatingActionButton.m */; };
		1E74C3121D26839B000A9790 /* cross.png in Resources */ = {isa = PBXBuildFile; fileRef = 1E74C30C1D26839B000A9790 /* cross.png */; };
		1E74C3131D26839B000A9790 /* fb-icon.png in Resources */ = {isa = PBXBuildFile; fileRef = 1E74C30D1D26839B000A9790 /* fb-icon.png */; };
		1E74C3141D26839B000A9790 /* google-icon.png in Resources */ = {isa = PBXBuildFile; fileRef = 1E74C30E1D26839B000A9790 /* google-icon.png */; };
		1E74C3151D26839B000A9790 /* linkedin-icon.png in Resources */ = {isa = PBXBuildFile; fileRef = 1E74C30F1D26839B000A9790 /* linkedin-icon.png */; };
		1E74C3161D26839B000A9790 /* plus.png in Resources */ = {isa = PBXBuildFile; fileRef = 1E74C3101D26839B000A9790 /* plus.png */; };
		1E74C3171D26839B000A9790 /* twitter-icon.png in Resources */ = {isa = PBXBuildFile; fileRef = 1E74C3111D26839B000A9790 /* twitter-icon.png */; };
		1E9D5D421D1E2AFE00E8B630 /* WGS84TOGCJ02.m in Sources */ = {isa = PBXBuildFile; fileRef = 1E9D5D411D1E2AFE00E8B630 /* WGS84TOGCJ02.m */; };
		1E9D5D441D1E8F2D00E8B630 /* Everywhere.rtf in Resources */ = {isa = PBXBuildFile; fileRef = 1E9D5D431D1E8F2D00E8B630 /* Everywhere.rtf */; };
		1EB047111D2BFF8100298422 /* TNCircularRadioButton.m in Sources */ = {isa = PBXBuildFile; fileRef = 1EB046FE1D2BFF8100298422 /* TNCircularRadioButton.m */; };
		1EB047121D2BFF8100298422 /* TNCircularRadioButtonData.m in Sources */ = {isa = PBXBuildFile; fileRef = 1EB047001D2BFF8100298422 /* TNCircularRadioButtonData.m */; };
		1EB047131D2BFF8100298422 /* TNImageRadioButton.m in Sources */ = {isa = PBXBuildFile; fileRef = 1EB047021D2BFF8100298422 /* TNImageRadioButton.m */; };
		1EB047141D2BFF8100298422 /* TNImageRadioButtonData.m in Sources */ = {isa = PBXBuildFile; fileRef = 1EB047041D2BFF8100298422 /* TNImageRadioButtonData.m */; };
		1EB047151D2BFF8100298422 /* TNRadioButton.m in Sources */ = {isa = PBXBuildFile; fileRef = 1EB047061D2BFF8100298422 /* TNRadioButton.m */; };
		1EB047161D2BFF8100298422 /* TNRadioButtonData.m in Sources */ = {isa = PBXBuildFile; fileRef = 1EB047081D2BFF8100298422 /* TNRadioButtonData.m */; };
		1EB047171D2BFF8100298422 /* TNRadioButtonGroup.m in Sources */ = {isa = PBXBuildFile; fileRef = 1EB0470B1D2BFF8100298422 /* TNRadioButtonGroup.m */; };
		1EB047181D2BFF8100298422 /* TNRectangularRadioButton.m in Sources */ = {isa = PBXBuildFile; fileRef = 1EB0470E1D2BFF8100298422 /* TNRectangularRadioButton.m */; };
		1EB047191D2BFF8100298422 /* TNRectangularRadioButtonData.m in Sources */ = {isa = PBXBuildFile; fileRef = 1EB047101D2BFF8100298422 /* TNRectangularRadioButtonData.m */; };
		1EC3138F1D27FC4800A2C301 /* CalendarVC.m in Sources */ = {isa = PBXBuildFile; fileRef = 1EC3138E1D27FC4800A2C301 /* CalendarVC.m */; };
		1EEA79511D2791A0002B6291 /* EverywhereMKAnnotation.m in Sources */ = {isa = PBXBuildFile; fileRef = 1EEA79501D2791A0002B6291 /* EverywhereMKAnnotation.m */; };
		2A6563BC8BBF2B5997748106 /* libPods-Everywhere.a in Frameworks */ = {isa = PBXBuildFile; fileRef = 1E9CF64AE7F289869F003D6F /* libPods-Everywhere.a */; };
		4B001CD41D21002700DF7287 /* CTPImageBrowserVC.m in Sources */ = {isa = PBXBuildFile; fileRef = 4B001CCD1D21002700DF7287 /* CTPImageBrowserVC.m */; };
		4B001CD51D21002700DF7287 /* CTPImageView.m in Sources */ = {isa = PBXBuildFile; fileRef = 4B001CCF1D21002700DF7287 /* CTPImageView.m */; };
		4B001CD61D21002700DF7287 /* CTPMultiImage.m in Sources */ = {isa = PBXBuildFile; fileRef = 4B001CD11D21002700DF7287 /* CTPMultiImage.m */; };
		4B001CD71D21002700DF7287 /* CTPWaitingView.m in Sources */ = {isa = PBXBuildFile; fileRef = 4B001CD31D21002700DF7287 /* CTPWaitingView.m */; };
		4B001CDE1D2125FC00DF7287 /* CLPlacemark+Assistant.m in Sources */ = {isa = PBXBuildFile; fileRef = 4B001CDD1D2125FC00DF7287 /* CLPlacemark+Assistant.m */; };
		4B0D09281D23C94D0047D7E0 /* PHAsset+Assistant.m in Sources */ = {isa = PBXBuildFile; fileRef = 4B0D09271D23C94D0047D7E0 /* PHAsset+Assistant.m */; };
		4B1A60431D2E45D0000DA6E7 /* GCRoutePolylineManager.m in Sources */ = {isa = PBXBuildFile; fileRef = 4B1A60421D2E45D0000DA6E7 /* GCRoutePolylineManager.m */; };
		4B27FDC31D2CA12000067683 /* FontAwesome.ttf in Resources */ = {isa = PBXBuildFile; fileRef = 4B27FDBE1D2CA12000067683 /* FontAwesome.ttf */; };
		4B27FDC41D2CA12000067683 /* NSString+FontAwesome.m in Sources */ = {isa = PBXBuildFile; fileRef = 4B27FDC01D2CA12000067683 /* NSString+FontAwesome.m */; };
		4B27FDC51D2CA12000067683 /* UIButton+Bootstrap.m in Sources */ = {isa = PBXBuildFile; fileRef = 4B27FDC21D2CA12000067683 /* UIButton+Bootstrap.m */; };
		4B27FDC81D2CAB5500067683 /* AssetDetailVC.m in Sources */ = {isa = PBXBuildFile; fileRef = 4B27FDC71D2CAB5500067683 /* AssetDetailVC.m */; };
		4B30E2A81D24A999002C2DE7 /* NSDate+Assistant.m in Sources */ = {isa = PBXBuildFile; fileRef = 4B30E2A71D24A999002C2DE7 /* NSDate+Assistant.m */; };
		4B3C10081D1CDCA700C20C72 /* UIView+AutoLayout.m in Sources */ = {isa = PBXBuildFile; fileRef = 4B3C10071D1CDCA700C20C72 /* UIView+AutoLayout.m */; };
		4B5A2C641D2E38EE00F3AE99 /* GCRoutePolyline.m in Sources */ = {isa = PBXBuildFile; fileRef = 4B5A2C631D2E38EE00F3AE99 /* GCRoutePolyline.m */; };
		4BD51FC81D2B47B900F18244 /* PHAssetInfo+CoreDataProperties.m in Sources */ = {isa = PBXBuildFile; fileRef = 4BD51FC51D2B47B900F18244 /* PHAssetInfo+CoreDataProperties.m */; };
		4BD51FC91D2B47B900F18244 /* PHAssetInfo.m in Sources */ = {isa = PBXBuildFile; fileRef = 4BD51FC71D2B47B900F18244 /* PHAssetInfo.m */; };
		4BD51FCC1D2B4B1B00F18244 /* PHAssetInfo+Assistant.m in Sources */ = {isa = PBXBuildFile; fileRef = 4BD51FCB1D2B4B1B00F18244 /* PHAssetInfo+Assistant.m */; };
		4BD51FCF1D2B4B8400F18244 /* EverywhereCoreDataManager.m in Sources */ = {isa = PBXBuildFile; fileRef = 4BD51FCE1D2B4B8400F18244 /* EverywhereCoreDataManager.m */; };
		4BF356071D2DFD1300649C0F /* GCPolyline.m in Sources */ = {isa = PBXBuildFile; fileRef = 4BF356061D2DFD1300649C0F /* GCPolyline.m */; };
/* End PBXBuildFile section */

/* Begin PBXFileReference section */
		1E2847F21D1ADDB900189A83 /* Everywhere.app */ = {isa = PBXFileReference; explicitFileType = wrapper.application; includeInIndex = 0; path = Everywhere.app; sourceTree = BUILT_PRODUCTS_DIR; };
		1E2847F61D1ADDB900189A83 /* main.m */ = {isa = PBXFileReference; lastKnownFileType = sourcecode.c.objc; path = main.m; sourceTree = "<group>"; };
		1E2847F81D1ADDB900189A83 /* EverywhereAppDelegate.h */ = {isa = PBXFileReference; lastKnownFileType = sourcecode.c.h; path = EverywhereAppDelegate.h; sourceTree = "<group>"; };
		1E2847F91D1ADDB900189A83 /* EverywhereAppDelegate.m */ = {isa = PBXFileReference; lastKnownFileType = sourcecode.c.objc; path = EverywhereAppDelegate.m; sourceTree = "<group>"; };
		1E2848021D1ADDB900189A83 /* Everywhere.xcdatamodel */ = {isa = PBXFileReference; lastKnownFileType = wrapper.xcdatamodel; path = Everywhere.xcdatamodel; sourceTree = "<group>"; };
		1E2848041D1ADDB900189A83 /* Assets.xcassets */ = {isa = PBXFileReference; lastKnownFileType = folder.assetcatalog; path = Assets.xcassets; sourceTree = "<group>"; };
		1E2848071D1ADDB900189A83 /* Base */ = {isa = PBXFileReference; lastKnownFileType = file.storyboard; name = Base; path = Base.lproj/LaunchScreen.storyboard; sourceTree = "<group>"; };
		1E2848091D1ADDB900189A83 /* Info.plist */ = {isa = PBXFileReference; lastKnownFileType = text.plist.xml; path = Info.plist; sourceTree = "<group>"; };
		1E2848131D1ADEC300189A83 /* StoreKit.framework */ = {isa = PBXFileReference; lastKnownFileType = wrapper.framework; name = StoreKit.framework; path = System/Library/Frameworks/StoreKit.framework; sourceTree = SDKROOT; };
		1E2848151D1ADF6700189A83 /* Everywhere.entitlements */ = {isa = PBXFileReference; lastKnownFileType = text.xml; path = Everywhere.entitlements; sourceTree = "<group>"; };
		1E2848161D1ADFF400189A83 /* CoreLocation.framework */ = {isa = PBXFileReference; lastKnownFileType = wrapper.framework; name = CoreLocation.framework; path = System/Library/Frameworks/CoreLocation.framework; sourceTree = SDKROOT; };
		1E2848181D1AE00000189A83 /* Photos.framework */ = {isa = PBXFileReference; lastKnownFileType = wrapper.framework; name = Photos.framework; path = System/Library/Frameworks/Photos.framework; sourceTree = SDKROOT; };
		1E41FD1F1D2AB66100E1A5B9 /* LocationInfoBar.h */ = {isa = PBXFileReference; fileEncoding = 4; lastKnownFileType = sourcecode.c.h; name = LocationInfoBar.h; path = EverywhereVisualViewControllers/LocationInfoBar.h; sourceTree = "<group>"; };
		1E41FD201D2AB66100E1A5B9 /* LocationInfoBar.m */ = {isa = PBXFileReference; fileEncoding = 4; lastKnownFileType = sourcecode.c.objc; name = LocationInfoBar.m; path = EverywhereVisualViewControllers/LocationInfoBar.m; sourceTree = "<group>"; };
		1E5A54161D28FE0F0056CF46 /* AssetsMapProVC.h */ = {isa = PBXFileReference; fileEncoding = 4; lastKnownFileType = sourcecode.c.h; name = AssetsMapProVC.h; path = EverywhereVisualViewControllers/AssetsMapProVC.h; sourceTree = "<group>"; };
		1E5A54171D28FE0F0056CF46 /* AssetsMapProVC.m */ = {isa = PBXFileReference; fileEncoding = 4; lastKnownFileType = sourcecode.c.objc; name = AssetsMapProVC.m; path = EverywhereVisualViewControllers/AssetsMapProVC.m; sourceTree = "<group>"; };
		1E6521821D2899EE00F41860 /* GCPhotoManager.h */ = {isa = PBXFileReference; fileEncoding = 4; lastKnownFileType = sourcecode.c.h; name = GCPhotoManager.h; path = EverywhereModels/GCPhotoManager.h; sourceTree = "<group>"; };
		1E6521831D2899EE00F41860 /* GCPhotoManager.m */ = {isa = PBXFileReference; fileEncoding = 4; lastKnownFileType = sourcecode.c.objc; name = GCPhotoManager.m; path = EverywhereModels/GCPhotoManager.m; sourceTree = "<group>"; };
		1E6521851D28BC1F00F41860 /* badge.png */ = {isa = PBXFileReference; lastKnownFileType = image.png; path = badge.png; sourceTree = "<group>"; };
		1E65218B1D28BFB500F41860 /* UIFont+Assistant.h */ = {isa = PBXFileReference; fileEncoding = 4; lastKnownFileType = sourcecode.c.h; name = "UIFont+Assistant.h"; path = "UIFont+Assistant/UIFont+Assistant.h"; sourceTree = "<group>"; };
		1E65218C1D28BFB500F41860 /* UIFont+Assistant.m */ = {isa = PBXFileReference; fileEncoding = 4; lastKnownFileType = sourcecode.c.objc; name = "UIFont+Assistant.m"; path = "UIFont+Assistant/UIFont+Assistant.m"; sourceTree = "<group>"; };
		1E6521941D28D56900F41860 /* GCLocationAnalyser.h */ = {isa = PBXFileReference; fileEncoding = 4; lastKnownFileType = sourcecode.c.h; name = GCLocationAnalyser.h; path = EverywhereModels/GCLocationAnalyser.h; sourceTree = "<group>"; };
		1E6521951D28D56900F41860 /* GCLocationAnalyser.m */ = {isa = PBXFileReference; fileEncoding = 4; lastKnownFileType = sourcecode.c.objc; name = GCLocationAnalyser.m; path = EverywhereModels/GCLocationAnalyser.m; sourceTree = "<group>"; };
		1E74C3031D268377000A9790 /* floatTableViewCell.h */ = {isa = PBXFileReference; fileEncoding = 4; lastKnownFileType = sourcecode.c.h; path = floatTableViewCell.h; sourceTree = "<group>"; };
		1E74C3041D268377000A9790 /* floatTableViewCell.m */ = {isa = PBXFileReference; fileEncoding = 4; lastKnownFileType = sourcecode.c.objc; path = floatTableViewCell.m; sourceTree = "<group>"; };
		1E74C3051D268377000A9790 /* floatTableViewCell.xib */ = {isa = PBXFileReference; fileEncoding = 4; lastKnownFileType = file.xib; path = floatTableViewCell.xib; sourceTree = "<group>"; };
		1E74C3061D268377000A9790 /* VCFloatingActionButton.h */ = {isa = PBXFileReference; fileEncoding = 4; lastKnownFileType = sourcecode.c.h; path = VCFloatingActionButton.h; sourceTree = "<group>"; };
		1E74C3071D268377000A9790 /* VCFloatingActionButton.m */ = {isa = PBXFileReference; fileEncoding = 4; lastKnownFileType = sourcecode.c.objc; path = VCFloatingActionButton.m; sourceTree = "<group>"; };
		1E74C30C1D26839B000A9790 /* cross.png */ = {isa = PBXFileReference; lastKnownFileType = image.png; path = cross.png; sourceTree = "<group>"; };
		1E74C30D1D26839B000A9790 /* fb-icon.png */ = {isa = PBXFileReference; lastKnownFileType = image.png; path = "fb-icon.png"; sourceTree = "<group>"; };
		1E74C30E1D26839B000A9790 /* google-icon.png */ = {isa = PBXFileReference; lastKnownFileType = image.png; path = "google-icon.png"; sourceTree = "<group>"; };
		1E74C30F1D26839B000A9790 /* linkedin-icon.png */ = {isa = PBXFileReference; lastKnownFileType = image.png; path = "linkedin-icon.png"; sourceTree = "<group>"; };
		1E74C3101D26839B000A9790 /* plus.png */ = {isa = PBXFileReference; lastKnownFileType = image.png; path = plus.png; sourceTree = "<group>"; };
		1E74C3111D26839B000A9790 /* twitter-icon.png */ = {isa = PBXFileReference; lastKnownFileType = image.png; path = "twitter-icon.png"; sourceTree = "<group>"; };
		1E9CF64AE7F289869F003D6F /* libPods-Everywhere.a */ = {isa = PBXFileReference; explicitFileType = archive.ar; includeInIndex = 0; path = "libPods-Everywhere.a"; sourceTree = BUILT_PRODUCTS_DIR; };
		1E9D5D401D1E2AFE00E8B630 /* WGS84TOGCJ02.h */ = {isa = PBXFileReference; fileEncoding = 4; lastKnownFileType = sourcecode.c.h; name = WGS84TOGCJ02.h; path = WGS84TOGCJ02/WGS84TOGCJ02.h; sourceTree = "<group>"; };
		1E9D5D411D1E2AFE00E8B630 /* WGS84TOGCJ02.m */ = {isa = PBXFileReference; fileEncoding = 4; lastKnownFileType = sourcecode.c.objc; name = WGS84TOGCJ02.m; path = WGS84TOGCJ02/WGS84TOGCJ02.m; sourceTree = "<group>"; };
		1E9D5D431D1E8F2D00E8B630 /* Everywhere.rtf */ = {isa = PBXFileReference; fileEncoding = 4; lastKnownFileType = text.rtf; path = Everywhere.rtf; sourceTree = "<group>"; };
		1EB046FD1D2BFF8100298422 /* TNCircularRadioButton.h */ = {isa = PBXFileReference; fileEncoding = 4; lastKnownFileType = sourcecode.c.h; path = TNCircularRadioButton.h; sourceTree = "<group>"; };
		1EB046FE1D2BFF8100298422 /* TNCircularRadioButton.m */ = {isa = PBXFileReference; fileEncoding = 4; lastKnownFileType = sourcecode.c.objc; path = TNCircularRadioButton.m; sourceTree = "<group>"; };
		1EB046FF1D2BFF8100298422 /* TNCircularRadioButtonData.h */ = {isa = PBXFileReference; fileEncoding = 4; lastKnownFileType = sourcecode.c.h; path = TNCircularRadioButtonData.h; sourceTree = "<group>"; };
		1EB047001D2BFF8100298422 /* TNCircularRadioButtonData.m */ = {isa = PBXFileReference; fileEncoding = 4; lastKnownFileType = sourcecode.c.objc; path = TNCircularRadioButtonData.m; sourceTree = "<group>"; };
		1EB047011D2BFF8100298422 /* TNImageRadioButton.h */ = {isa = PBXFileReference; fileEncoding = 4; lastKnownFileType = sourcecode.c.h; path = TNImageRadioButton.h; sourceTree = "<group>"; };
		1EB047021D2BFF8100298422 /* TNImageRadioButton.m */ = {isa = PBXFileReference; fileEncoding = 4; lastKnownFileType = sourcecode.c.objc; path = TNImageRadioButton.m; sourceTree = "<group>"; };
		1EB047031D2BFF8100298422 /* TNImageRadioButtonData.h */ = {isa = PBXFileReference; fileEncoding = 4; lastKnownFileType = sourcecode.c.h; path = TNImageRadioButtonData.h; sourceTree = "<group>"; };
		1EB047041D2BFF8100298422 /* TNImageRadioButtonData.m */ = {isa = PBXFileReference; fileEncoding = 4; lastKnownFileType = sourcecode.c.objc; path = TNImageRadioButtonData.m; sourceTree = "<group>"; };
		1EB047051D2BFF8100298422 /* TNRadioButton.h */ = {isa = PBXFileReference; fileEncoding = 4; lastKnownFileType = sourcecode.c.h; path = TNRadioButton.h; sourceTree = "<group>"; };
		1EB047061D2BFF8100298422 /* TNRadioButton.m */ = {isa = PBXFileReference; fileEncoding = 4; lastKnownFileType = sourcecode.c.objc; path = TNRadioButton.m; sourceTree = "<group>"; };
		1EB047071D2BFF8100298422 /* TNRadioButtonData.h */ = {isa = PBXFileReference; fileEncoding = 4; lastKnownFileType = sourcecode.c.h; path = TNRadioButtonData.h; sourceTree = "<group>"; };
		1EB047081D2BFF8100298422 /* TNRadioButtonData.m */ = {isa = PBXFileReference; fileEncoding = 4; lastKnownFileType = sourcecode.c.objc; path = TNRadioButtonData.m; sourceTree = "<group>"; };
		1EB047091D2BFF8100298422 /* TNRadioButtonDelegate.h */ = {isa = PBXFileReference; fileEncoding = 4; lastKnownFileType = sourcecode.c.h; path = TNRadioButtonDelegate.h; sourceTree = "<group>"; };
		1EB0470A1D2BFF8100298422 /* TNRadioButtonGroup.h */ = {isa = PBXFileReference; fileEncoding = 4; lastKnownFileType = sourcecode.c.h; path = TNRadioButtonGroup.h; sourceTree = "<group>"; };
		1EB0470B1D2BFF8100298422 /* TNRadioButtonGroup.m */ = {isa = PBXFileReference; fileEncoding = 4; lastKnownFileType = sourcecode.c.objc; path = TNRadioButtonGroup.m; sourceTree = "<group>"; };
		1EB0470C1D2BFF8100298422 /* TNRadioButtonGroupProtocol.h */ = {isa = PBXFileReference; fileEncoding = 4; lastKnownFileType = sourcecode.c.h; path = TNRadioButtonGroupProtocol.h; sourceTree = "<group>"; };
		1EB0470D1D2BFF8100298422 /* TNRectangularRadioButton.h */ = {isa = PBXFileReference; fileEncoding = 4; lastKnownFileType = sourcecode.c.h; path = TNRectangularRadioButton.h; sourceTree = "<group>"; };
		1EB0470E1D2BFF8100298422 /* TNRectangularRadioButton.m */ = {isa = PBXFileReference; fileEncoding = 4; lastKnownFileType = sourcecode.c.objc; path = TNRectangularRadioButton.m; sourceTree = "<group>"; };
		1EB0470F1D2BFF8100298422 /* TNRectangularRadioButtonData.h */ = {isa = PBXFileReference; fileEncoding = 4; lastKnownFileType = sourcecode.c.h; path = TNRectangularRadioButtonData.h; sourceTree = "<group>"; };
		1EB047101D2BFF8100298422 /* TNRectangularRadioButtonData.m */ = {isa = PBXFileReference; fileEncoding = 4; lastKnownFileType = sourcecode.c.objc; path = TNRectangularRadioButtonData.m; sourceTree = "<group>"; };
		1EC3138D1D27FC4800A2C301 /* CalendarVC.h */ = {isa = PBXFileReference; fileEncoding = 4; lastKnownFileType = sourcecode.c.h; name = CalendarVC.h; path = EverywhereVisualViewControllers/CalendarVC.h; sourceTree = "<group>"; };
		1EC3138E1D27FC4800A2C301 /* CalendarVC.m */ = {isa = PBXFileReference; fileEncoding = 4; lastKnownFileType = sourcecode.c.objc; name = CalendarVC.m; path = EverywhereVisualViewControllers/CalendarVC.m; sourceTree = "<group>"; };
		1EEA794F1D2791A0002B6291 /* EverywhereMKAnnotation.h */ = {isa = PBXFileReference; fileEncoding = 4; lastKnownFileType = sourcecode.c.h; name = EverywhereMKAnnotation.h; path = EverywhereModels/EverywhereMKAnnotation.h; sourceTree = "<group>"; };
		1EEA79501D2791A0002B6291 /* EverywhereMKAnnotation.m */ = {isa = PBXFileReference; fileEncoding = 4; lastKnownFileType = sourcecode.c.objc; name = EverywhereMKAnnotation.m; path = EverywhereModels/EverywhereMKAnnotation.m; sourceTree = "<group>"; };
		4B001CCB1D21002700DF7287 /* CTPImageBrowserConfig.h */ = {isa = PBXFileReference; fileEncoding = 4; lastKnownFileType = sourcecode.c.h; path = CTPImageBrowserConfig.h; sourceTree = "<group>"; };
		4B001CCC1D21002700DF7287 /* CTPImageBrowserVC.h */ = {isa = PBXFileReference; fileEncoding = 4; lastKnownFileType = sourcecode.c.h; path = CTPImageBrowserVC.h; sourceTree = "<group>"; };
		4B001CCD1D21002700DF7287 /* CTPImageBrowserVC.m */ = {isa = PBXFileReference; fileEncoding = 4; lastKnownFileType = sourcecode.c.objc; path = CTPImageBrowserVC.m; sourceTree = "<group>"; };
		4B001CCE1D21002700DF7287 /* CTPImageView.h */ = {isa = PBXFileReference; fileEncoding = 4; lastKnownFileType = sourcecode.c.h; path = CTPImageView.h; sourceTree = "<group>"; };
		4B001CCF1D21002700DF7287 /* CTPImageView.m */ = {isa = PBXFileReference; fileEncoding = 4; lastKnownFileType = sourcecode.c.objc; path = CTPImageView.m; sourceTree = "<group>"; };
		4B001CD01D21002700DF7287 /* CTPMultiImage.h */ = {isa = PBXFileReference; fileEncoding = 4; lastKnownFileType = sourcecode.c.h; path = CTPMultiImage.h; sourceTree = "<group>"; };
		4B001CD11D21002700DF7287 /* CTPMultiImage.m */ = {isa = PBXFileReference; fileEncoding = 4; lastKnownFileType = sourcecode.c.objc; path = CTPMultiImage.m; sourceTree = "<group>"; };
		4B001CD21D21002700DF7287 /* CTPWaitingView.h */ = {isa = PBXFileReference; fileEncoding = 4; lastKnownFileType = sourcecode.c.h; path = CTPWaitingView.h; sourceTree = "<group>"; };
		4B001CD31D21002700DF7287 /* CTPWaitingView.m */ = {isa = PBXFileReference; fileEncoding = 4; lastKnownFileType = sourcecode.c.objc; path = CTPWaitingView.m; sourceTree = "<group>"; };
		4B001CDC1D2125FC00DF7287 /* CLPlacemark+Assistant.h */ = {isa = PBXFileReference; fileEncoding = 4; lastKnownFileType = sourcecode.c.h; name = "CLPlacemark+Assistant.h"; path = "CLPlacemark+Assistant/CLPlacemark+Assistant.h"; sourceTree = "<group>"; };
		4B001CDD1D2125FC00DF7287 /* CLPlacemark+Assistant.m */ = {isa = PBXFileReference; fileEncoding = 4; lastKnownFileType = sourcecode.c.objc; name = "CLPlacemark+Assistant.m"; path = "CLPlacemark+Assistant/CLPlacemark+Assistant.m"; sourceTree = "<group>"; };
		4B0620771D2CE36C00545FCE /* PrefixHeader.pch */ = {isa = PBXFileReference; lastKnownFileType = sourcecode.c.h; path = PrefixHeader.pch; sourceTree = "<group>"; };
		4B0D09261D23C94D0047D7E0 /* PHAsset+Assistant.h */ = {isa = PBXFileReference; fileEncoding = 4; lastKnownFileType = sourcecode.c.h; name = "PHAsset+Assistant.h"; path = "PHAsset+Assistant/PHAsset+Assistant.h"; sourceTree = "<group>"; };
		4B0D09271D23C94D0047D7E0 /* PHAsset+Assistant.m */ = {isa = PBXFileReference; fileEncoding = 4; lastKnownFileType = sourcecode.c.objc; name = "PHAsset+Assistant.m"; path = "PHAsset+Assistant/PHAsset+Assistant.m"; sourceTree = "<group>"; };
		4B1A60411D2E45D0000DA6E7 /* GCRoutePolylineManager.h */ = {isa = PBXFileReference; fileEncoding = 4; lastKnownFileType = sourcecode.c.h; name = GCRoutePolylineManager.h; path = EverywhereModels/GCRoutePolylineManager.h; sourceTree = "<group>"; };
		4B1A60421D2E45D0000DA6E7 /* GCRoutePolylineManager.m */ = {isa = PBXFileReference; fileEncoding = 4; lastKnownFileType = sourcecode.c.objc; name = GCRoutePolylineManager.m; path = EverywhereModels/GCRoutePolylineManager.m; sourceTree = "<group>"; };
		4B27FDBE1D2CA12000067683 /* FontAwesome.ttf */ = {isa = PBXFileReference; lastKnownFileType = file; path = FontAwesome.ttf; sourceTree = "<group>"; };
		4B27FDBF1D2CA12000067683 /* NSString+FontAwesome.h */ = {isa = PBXFileReference; fileEncoding = 4; lastKnownFileType = sourcecode.c.h; path = "NSString+FontAwesome.h"; sourceTree = "<group>"; };
		4B27FDC01D2CA12000067683 /* NSString+FontAwesome.m */ = {isa = PBXFileReference; fileEncoding = 4; lastKnownFileType = sourcecode.c.objc; path = "NSString+FontAwesome.m"; sourceTree = "<group>"; };
		4B27FDC11D2CA12000067683 /* UIButton+Bootstrap.h */ = {isa = PBXFileReference; fileEncoding = 4; lastKnownFileType = sourcecode.c.h; path = "UIButton+Bootstrap.h"; sourceTree = "<group>"; };
		4B27FDC21D2CA12000067683 /* UIButton+Bootstrap.m */ = {isa = PBXFileReference; fileEncoding = 4; lastKnownFileType = sourcecode.c.objc; path = "UIButton+Bootstrap.m"; sourceTree = "<group>"; };
		4B27FDC61D2CAB5500067683 /* AssetDetailVC.h */ = {isa = PBXFileReference; fileEncoding = 4; lastKnownFileType = sourcecode.c.h; name = AssetDetailVC.h; path = EverywhereVisualViewControllers/AssetDetailVC.h; sourceTree = "<group>"; };
		4B27FDC71D2CAB5500067683 /* AssetDetailVC.m */ = {isa = PBXFileReference; fileEncoding = 4; lastKnownFileType = sourcecode.c.objc; name = AssetDetailVC.m; path = EverywhereVisualViewControllers/AssetDetailVC.m; sourceTree = "<group>"; };
		4B30E2A61D24A999002C2DE7 /* NSDate+Assistant.h */ = {isa = PBXFileReference; fileEncoding = 4; lastKnownFileType = sourcecode.c.h; name = "NSDate+Assistant.h"; path = "NSDate+Assistant/NSDate+Assistant.h"; sourceTree = "<group>"; };
		4B30E2A71D24A999002C2DE7 /* NSDate+Assistant.m */ = {isa = PBXFileReference; fileEncoding = 4; lastKnownFileType = sourcecode.c.objc; name = "NSDate+Assistant.m"; path = "NSDate+Assistant/NSDate+Assistant.m"; sourceTree = "<group>"; };
		4B3C10061D1CDCA700C20C72 /* UIView+AutoLayout.h */ = {isa = PBXFileReference; fileEncoding = 4; lastKnownFileType = sourcecode.c.h; path = "UIView+AutoLayout.h"; sourceTree = "<group>"; };
		4B3C10071D1CDCA700C20C72 /* UIView+AutoLayout.m */ = {isa = PBXFileReference; fileEncoding = 4; lastKnownFileType = sourcecode.c.objc; path = "UIView+AutoLayout.m"; sourceTree = "<group>"; };
		4B5A2C621D2E38EE00F3AE99 /* GCRoutePolyline.h */ = {isa = PBXFileReference; fileEncoding = 4; lastKnownFileType = sourcecode.c.h; name = GCRoutePolyline.h; path = EverywhereModels/GCRoutePolyline.h; sourceTree = "<group>"; };
		4B5A2C631D2E38EE00F3AE99 /* GCRoutePolyline.m */ = {isa = PBXFileReference; fileEncoding = 4; lastKnownFileType = sourcecode.c.objc; name = GCRoutePolyline.m; path = EverywhereModels/GCRoutePolyline.m; sourceTree = "<group>"; };
		4BD51FC41D2B47B900F18244 /* PHAssetInfo+CoreDataProperties.h */ = {isa = PBXFileReference; fileEncoding = 4; lastKnownFileType = sourcecode.c.h; name = "PHAssetInfo+CoreDataProperties.h"; path = "EverywhereCoreData/PHAssetInfo+CoreDataProperties.h"; sourceTree = "<group>"; };
		4BD51FC51D2B47B900F18244 /* PHAssetInfo+CoreDataProperties.m */ = {isa = PBXFileReference; fileEncoding = 4; lastKnownFileType = sourcecode.c.objc; name = "PHAssetInfo+CoreDataProperties.m"; path = "EverywhereCoreData/PHAssetInfo+CoreDataProperties.m"; sourceTree = "<group>"; };
		4BD51FC61D2B47B900F18244 /* PHAssetInfo.h */ = {isa = PBXFileReference; fileEncoding = 4; lastKnownFileType = sourcecode.c.h; name = PHAssetInfo.h; path = EverywhereCoreData/PHAssetInfo.h; sourceTree = "<group>"; };
		4BD51FC71D2B47B900F18244 /* PHAssetInfo.m */ = {isa = PBXFileReference; fileEncoding = 4; lastKnownFileType = sourcecode.c.objc; name = PHAssetInfo.m; path = EverywhereCoreData/PHAssetInfo.m; sourceTree = "<group>"; };
		4BD51FCA1D2B4B1B00F18244 /* PHAssetInfo+Assistant.h */ = {isa = PBXFileReference; fileEncoding = 4; lastKnownFileType = sourcecode.c.h; name = "PHAssetInfo+Assistant.h"; path = "EverywhereCoreData/PHAssetInfo+Assistant.h"; sourceTree = "<group>"; };
		4BD51FCB1D2B4B1B00F18244 /* PHAssetInfo+Assistant.m */ = {isa = PBXFileReference; fileEncoding = 4; lastKnownFileType = sourcecode.c.objc; name = "PHAssetInfo+Assistant.m"; path = "EverywhereCoreData/PHAssetInfo+Assistant.m"; sourceTree = "<group>"; };
		4BD51FCD1D2B4B8400F18244 /* EverywhereCoreDataManager.h */ = {isa = PBXFileReference; fileEncoding = 4; lastKnownFileType = sourcecode.c.h; name = EverywhereCoreDataManager.h; path = EverywhereCoreData/EverywhereCoreDataManager.h; sourceTree = "<group>"; };
		4BD51FCE1D2B4B8400F18244 /* EverywhereCoreDataManager.m */ = {isa = PBXFileReference; fileEncoding = 4; lastKnownFileType = sourcecode.c.objc; name = EverywhereCoreDataManager.m; path = EverywhereCoreData/EverywhereCoreDataManager.m; sourceTree = "<group>"; };
		4BF356051D2DFD1300649C0F /* GCPolyline.h */ = {isa = PBXFileReference; fileEncoding = 4; lastKnownFileType = sourcecode.c.h; name = GCPolyline.h; path = EverywhereModels/GCPolyline.h; sourceTree = "<group>"; };
		4BF356061D2DFD1300649C0F /* GCPolyline.m */ = {isa = PBXFileReference; fileEncoding = 4; lastKnownFileType = sourcecode.c.objc; name = GCPolyline.m; path = EverywhereModels/GCPolyline.m; sourceTree = "<group>"; };
		6C5CC4DC43B9922DBD449DFF /* Pods-Everywhere.release.xcconfig */ = {isa = PBXFileReference; includeInIndex = 1; lastKnownFileType = text.xcconfig; name = "Pods-Everywhere.release.xcconfig"; path = "Pods/Target Support Files/Pods-Everywhere/Pods-Everywhere.release.xcconfig"; sourceTree = "<group>"; };
		8CB0F045B4429E7E7F66F602 /* Pods-Everywhere.debug.xcconfig */ = {isa = PBXFileReference; includeInIndex = 1; lastKnownFileType = text.xcconfig; name = "Pods-Everywhere.debug.xcconfig"; path = "Pods/Target Support Files/Pods-Everywhere/Pods-Everywhere.debug.xcconfig"; sourceTree = "<group>"; };
/* End PBXFileReference section */

/* Begin PBXFrameworksBuildPhase section */
		1E2847EF1D1ADDB900189A83 /* Frameworks */ = {
			isa = PBXFrameworksBuildPhase;
			buildActionMask = 2147483647;
			files = (
				1E2848191D1AE00000189A83 /* Photos.framework in Frameworks */,
				1E2848171D1ADFF400189A83 /* CoreLocation.framework in Frameworks */,
				1E2848141D1ADEC300189A83 /* StoreKit.framework in Frameworks */,
				2A6563BC8BBF2B5997748106 /* libPods-Everywhere.a in Frameworks */,
			);
			runOnlyForDeploymentPostprocessing = 0;
		};
/* End PBXFrameworksBuildPhase section */

/* Begin PBXGroup section */
		1E2847E91D1ADDB900189A83 = {
			isa = PBXGroup;
			children = (
				8E868D57129C0D604CE02162 /* Pods */,
				1E2847F31D1ADDB900189A83 /* Products */,
				1E28481A1D1AE00C00189A83 /* Frameworks */,
				1E2847F41D1ADDB900189A83 /* Everywhere */,
			);
			sourceTree = "<group>";
		};
		1E2847F31D1ADDB900189A83 /* Products */ = {
			isa = PBXGroup;
			children = (
				1E2847F21D1ADDB900189A83 /* Everywhere.app */,
			);
			name = Products;
			sourceTree = "<group>";
		};
		1E2847F41D1ADDB900189A83 /* Everywhere */ = {
			isa = PBXGroup;
			children = (
				4B27FDBD1D2CA12000067683 /* UIButton+Bootstrap */,
				4BD51FC31D2B475000F18244 /* EverywhereCoreData */,
				1EEA794E1D27915C002B6291 /* EverywhereModels */,
				1EEA794A1D279047002B6291 /* EverywhereVisualViewControllers */,
				1E74C3021D268377000A9790 /* VCFloatingActionButton */,
				4B30E2A51D24A960002C2DE7 /* NSDate+Assistant */,
				1E6521871D28BF2200F41860 /* UIFont+Assistant */,
				4B0D09251D23C90B0047D7E0 /* PHAsset+Assistant */,
				4B001CD81D21252400DF7287 /* CLPlacemark+Assistant */,
				4B001CCA1D21002700DF7287 /* CTPImageBrowser */,
				1E9D5D3F1D1E2ADB00E8B630 /* WGS84TOGCJ02 */,
				4B3C10051D1CDCA700C20C72 /* UIView+AutoLayout */,
				1EB046FC1D2BFF8100298422 /* TNRadioButtonGroup */,
				1E74C30B1D268382000A9790 /* Images */,
				1E2848151D1ADF6700189A83 /* Everywhere.entitlements */,
				1E2848011D1ADDB900189A83 /* Everywhere.xcdatamodeld */,
				1E2847F61D1ADDB900189A83 /* main.m */,
				1E2848091D1ADDB900189A83 /* Info.plist */,
				1E2847F81D1ADDB900189A83 /* EverywhereAppDelegate.h */,
				1E2847F91D1ADDB900189A83 /* EverywhereAppDelegate.m */,
				4B0620771D2CE36C00545FCE /* PrefixHeader.pch */,
				1E9D5D431D1E8F2D00E8B630 /* Everywhere.rtf */,
				1E2848041D1ADDB900189A83 /* Assets.xcassets */,
				1E2848061D1ADDB900189A83 /* LaunchScreen.storyboard */,
			);
			path = Everywhere;
			sourceTree = "<group>";
		};
		1E28481A1D1AE00C00189A83 /* Frameworks */ = {
			isa = PBXGroup;
			children = (
				1E2848181D1AE00000189A83 /* Photos.framework */,
				1E2848161D1ADFF400189A83 /* CoreLocation.framework */,
				1E2848131D1ADEC300189A83 /* StoreKit.framework */,
				1E9CF64AE7F289869F003D6F /* libPods-Everywhere.a */,
			);
			name = Frameworks;
			sourceTree = "<group>";
		};
		1E6521871D28BF2200F41860 /* UIFont+Assistant */ = {
			isa = PBXGroup;
			children = (
				1E65218B1D28BFB500F41860 /* UIFont+Assistant.h */,
				1E65218C1D28BFB500F41860 /* UIFont+Assistant.m */,
			);
			name = "UIFont+Assistant";
			sourceTree = "<group>";
		};
		1E74C3021D268377000A9790 /* VCFloatingActionButton */ = {
			isa = PBXGroup;
			children = (
				1E74C3031D268377000A9790 /* floatTableViewCell.h */,
				1E74C3041D268377000A9790 /* floatTableViewCell.m */,
				1E74C3051D268377000A9790 /* floatTableViewCell.xib */,
				1E74C3061D268377000A9790 /* VCFloatingActionButton.h */,
				1E74C3071D268377000A9790 /* VCFloatingActionButton.m */,
			);
			path = VCFloatingActionButton;
			sourceTree = "<group>";
		};
		1E74C30B1D268382000A9790 /* Images */ = {
			isa = PBXGroup;
			children = (
				1E6521851D28BC1F00F41860 /* badge.png */,
				1E74C30C1D26839B000A9790 /* cross.png */,
				1E74C30D1D26839B000A9790 /* fb-icon.png */,
				1E74C30E1D26839B000A9790 /* google-icon.png */,
				1E74C30F1D26839B000A9790 /* linkedin-icon.png */,
				1E74C3101D26839B000A9790 /* plus.png */,
				1E74C3111D26839B000A9790 /* twitter-icon.png */,
			);
			name = Images;
			sourceTree = "<group>";
		};
		1E9D5D3F1D1E2ADB00E8B630 /* WGS84TOGCJ02 */ = {
			isa = PBXGroup;
			children = (
				1E9D5D401D1E2AFE00E8B630 /* WGS84TOGCJ02.h */,
				1E9D5D411D1E2AFE00E8B630 /* WGS84TOGCJ02.m */,
			);
			name = WGS84TOGCJ02;
			sourceTree = "<group>";
		};
		1EB046FC1D2BFF8100298422 /* TNRadioButtonGroup */ = {
			isa = PBXGroup;
			children = (
				1EB046FD1D2BFF8100298422 /* TNCircularRadioButton.h */,
				1EB046FE1D2BFF8100298422 /* TNCircularRadioButton.m */,
				1EB046FF1D2BFF8100298422 /* TNCircularRadioButtonData.h */,
				1EB047001D2BFF8100298422 /* TNCircularRadioButtonData.m */,
				1EB047011D2BFF8100298422 /* TNImageRadioButton.h */,
				1EB047021D2BFF8100298422 /* TNImageRadioButton.m */,
				1EB047031D2BFF8100298422 /* TNImageRadioButtonData.h */,
				1EB047041D2BFF8100298422 /* TNImageRadioButtonData.m */,
				1EB047051D2BFF8100298422 /* TNRadioButton.h */,
				1EB047061D2BFF8100298422 /* TNRadioButton.m */,
				1EB047071D2BFF8100298422 /* TNRadioButtonData.h */,
				1EB047081D2BFF8100298422 /* TNRadioButtonData.m */,
				1EB047091D2BFF8100298422 /* TNRadioButtonDelegate.h */,
				1EB0470A1D2BFF8100298422 /* TNRadioButtonGroup.h */,
				1EB0470B1D2BFF8100298422 /* TNRadioButtonGroup.m */,
				1EB0470C1D2BFF8100298422 /* TNRadioButtonGroupProtocol.h */,
				1EB0470D1D2BFF8100298422 /* TNRectangularRadioButton.h */,
				1EB0470E1D2BFF8100298422 /* TNRectangularRadioButton.m */,
				1EB0470F1D2BFF8100298422 /* TNRectangularRadioButtonData.h */,
				1EB047101D2BFF8100298422 /* TNRectangularRadioButtonData.m */,
			);
			path = TNRadioButtonGroup;
			sourceTree = "<group>";
		};
		1EEA794A1D279047002B6291 /* EverywhereVisualViewControllers */ = {
			isa = PBXGroup;
			children = (
				1EC3138D1D27FC4800A2C301 /* CalendarVC.h */,
				1EC3138E1D27FC4800A2C301 /* CalendarVC.m */,
				1E5A54161D28FE0F0056CF46 /* AssetsMapProVC.h */,
				1E5A54171D28FE0F0056CF46 /* AssetsMapProVC.m */,
				4B27FDC61D2CAB5500067683 /* AssetDetailVC.h */,
				4B27FDC71D2CAB5500067683 /* AssetDetailVC.m */,
				1E41FD1F1D2AB66100E1A5B9 /* LocationInfoBar.h */,
				1E41FD201D2AB66100E1A5B9 /* LocationInfoBar.m */,
			);
			name = EverywhereVisualViewControllers;
			sourceTree = "<group>";
		};
		1EEA794E1D27915C002B6291 /* EverywhereModels */ = {
			isa = PBXGroup;
			children = (
				1EEA794F1D2791A0002B6291 /* EverywhereMKAnnotation.h */,
				1EEA79501D2791A0002B6291 /* EverywhereMKAnnotation.m */,
				1E6521821D2899EE00F41860 /* GCPhotoManager.h */,
				1E6521831D2899EE00F41860 /* GCPhotoManager.m */,
				1E6521941D28D56900F41860 /* GCLocationAnalyser.h */,
				1E6521951D28D56900F41860 /* GCLocationAnalyser.m */,
				4BF356051D2DFD1300649C0F /* GCPolyline.h */,
				4BF356061D2DFD1300649C0F /* GCPolyline.m */,
				4B5A2C621D2E38EE00F3AE99 /* GCRoutePolyline.h */,
				4B5A2C631D2E38EE00F3AE99 /* GCRoutePolyline.m */,
				4B1A60411D2E45D0000DA6E7 /* GCRoutePolylineManager.h */,
				4B1A60421D2E45D0000DA6E7 /* GCRoutePolylineManager.m */,
			);
			name = EverywhereModels;
			sourceTree = "<group>";
		};
		4B001CCA1D21002700DF7287 /* CTPImageBrowser */ = {
			isa = PBXGroup;
			children = (
				4B001CCB1D21002700DF7287 /* CTPImageBrowserConfig.h */,
				4B001CCC1D21002700DF7287 /* CTPImageBrowserVC.h */,
				4B001CCD1D21002700DF7287 /* CTPImageBrowserVC.m */,
				4B001CCE1D21002700DF7287 /* CTPImageView.h */,
				4B001CCF1D21002700DF7287 /* CTPImageView.m */,
				4B001CD01D21002700DF7287 /* CTPMultiImage.h */,
				4B001CD11D21002700DF7287 /* CTPMultiImage.m */,
				4B001CD21D21002700DF7287 /* CTPWaitingView.h */,
				4B001CD31D21002700DF7287 /* CTPWaitingView.m */,
			);
			path = CTPImageBrowser;
			sourceTree = "<group>";
		};
		4B001CD81D21252400DF7287 /* CLPlacemark+Assistant */ = {
			isa = PBXGroup;
			children = (
				4B001CDC1D2125FC00DF7287 /* CLPlacemark+Assistant.h */,
				4B001CDD1D2125FC00DF7287 /* CLPlacemark+Assistant.m */,
			);
			name = "CLPlacemark+Assistant";
			sourceTree = "<group>";
		};
		4B0D09251D23C90B0047D7E0 /* PHAsset+Assistant */ = {
			isa = PBXGroup;
			children = (
				4B0D09261D23C94D0047D7E0 /* PHAsset+Assistant.h */,
				4B0D09271D23C94D0047D7E0 /* PHAsset+Assistant.m */,
			);
			name = "PHAsset+Assistant";
			sourceTree = "<group>";
		};
		4B27FDBD1D2CA12000067683 /* UIButton+Bootstrap */ = {
			isa = PBXGroup;
			children = (
				4B27FDBE1D2CA12000067683 /* FontAwesome.ttf */,
				4B27FDBF1D2CA12000067683 /* NSString+FontAwesome.h */,
				4B27FDC01D2CA12000067683 /* NSString+FontAwesome.m */,
				4B27FDC11D2CA12000067683 /* UIButton+Bootstrap.h */,
				4B27FDC21D2CA12000067683 /* UIButton+Bootstrap.m */,
			);
			path = "UIButton+Bootstrap";
			sourceTree = "<group>";
		};
		4B30E2A51D24A960002C2DE7 /* NSDate+Assistant */ = {
			isa = PBXGroup;
			children = (
				4B30E2A61D24A999002C2DE7 /* NSDate+Assistant.h */,
				4B30E2A71D24A999002C2DE7 /* NSDate+Assistant.m */,
			);
			name = "NSDate+Assistant";
			sourceTree = "<group>";
		};
		4B3C10051D1CDCA700C20C72 /* UIView+AutoLayout */ = {
			isa = PBXGroup;
			children = (
				4B3C10061D1CDCA700C20C72 /* UIView+AutoLayout.h */,
				4B3C10071D1CDCA700C20C72 /* UIView+AutoLayout.m */,
			);
			path = "UIView+AutoLayout";
			sourceTree = "<group>";
		};
		4BD51FC31D2B475000F18244 /* EverywhereCoreData */ = {
			isa = PBXGroup;
			children = (
				4BD51FC41D2B47B900F18244 /* PHAssetInfo+CoreDataProperties.h */,
				4BD51FC51D2B47B900F18244 /* PHAssetInfo+CoreDataProperties.m */,
				4BD51FC61D2B47B900F18244 /* PHAssetInfo.h */,
				4BD51FC71D2B47B900F18244 /* PHAssetInfo.m */,
				4BD51FCA1D2B4B1B00F18244 /* PHAssetInfo+Assistant.h */,
				4BD51FCB1D2B4B1B00F18244 /* PHAssetInfo+Assistant.m */,
				4BD51FCD1D2B4B8400F18244 /* EverywhereCoreDataManager.h */,
				4BD51FCE1D2B4B8400F18244 /* EverywhereCoreDataManager.m */,
			);
			name = EverywhereCoreData;
			sourceTree = "<group>";
		};
		8E868D57129C0D604CE02162 /* Pods */ = {
			isa = PBXGroup;
			children = (
				8CB0F045B4429E7E7F66F602 /* Pods-Everywhere.debug.xcconfig */,
				6C5CC4DC43B9922DBD449DFF /* Pods-Everywhere.release.xcconfig */,
			);
			name = Pods;
			sourceTree = "<group>";
		};
/* End PBXGroup section */

/* Begin PBXNativeTarget section */
		1E2847F11D1ADDB900189A83 /* Everywhere */ = {
			isa = PBXNativeTarget;
			buildConfigurationList = 1E28480C1D1ADDB900189A83 /* Build configuration list for PBXNativeTarget "Everywhere" */;
			buildPhases = (
				AEDE2DF322BAF4AEFB6F6FCD /* 📦 Check Pods Manifest.lock */,
				1E2847EE1D1ADDB900189A83 /* Sources */,
				1E2847EF1D1ADDB900189A83 /* Frameworks */,
				1E2847F01D1ADDB900189A83 /* Resources */,
				EE2D12173B36A4D6B11CB58C /* 📦 Embed Pods Frameworks */,
				A9777F2EDC7CBB60EFBE0CEC /* 📦 Copy Pods Resources */,
			);
			buildRules = (
			);
			dependencies = (
			);
			name = Everywhere;
			productName = Everywhere;
			productReference = 1E2847F21D1ADDB900189A83 /* Everywhere.app */;
			productType = "com.apple.product-type.application";
		};
/* End PBXNativeTarget section */

/* Begin PBXProject section */
		1E2847EA1D1ADDB900189A83 /* Project object */ = {
			isa = PBXProject;
			attributes = {
				LastUpgradeCheck = 0720;
				ORGANIZATIONNAME = ZhangBaoGuo;
				TargetAttributes = {
					1E2847F11D1ADDB900189A83 = {
						CreatedOnToolsVersion = 7.2;
						DevelopmentTeam = 9R3WHNFTF3;
						SystemCapabilities = {
							com.apple.InAppPurchase = {
								enabled = 1;
							};
							com.apple.Maps.iOS = {
								enabled = 0;
							};
							com.apple.Push = {
								enabled = 1;
							};
							com.apple.iCloud = {
								enabled = 1;
							};
						};
					};
				};
			};
			buildConfigurationList = 1E2847ED1D1ADDB900189A83 /* Build configuration list for PBXProject "Everywhere" */;
			compatibilityVersion = "Xcode 3.2";
			developmentRegion = English;
			hasScannedForEncodings = 0;
			knownRegions = (
				en,
				Base,
			);
			mainGroup = 1E2847E91D1ADDB900189A83;
			productRefGroup = 1E2847F31D1ADDB900189A83 /* Products */;
			projectDirPath = "";
			projectRoot = "";
			targets = (
				1E2847F11D1ADDB900189A83 /* Everywhere */,
			);
		};
/* End PBXProject section */

/* Begin PBXResourcesBuildPhase section */
		1E2847F01D1ADDB900189A83 /* Resources */ = {
			isa = PBXResourcesBuildPhase;
			buildActionMask = 2147483647;
			files = (
				1E74C3151D26839B000A9790 /* linkedin-icon.png in Resources */,
				1E74C3141D26839B000A9790 /* google-icon.png in Resources */,
				1E74C3161D26839B000A9790 /* plus.png in Resources */,
				1E74C3121D26839B000A9790 /* cross.png in Resources */,
				1E74C3091D268377000A9790 /* floatTableViewCell.xib in Resources */,
				1E74C3131D26839B000A9790 /* fb-icon.png in Resources */,
				1E9D5D441D1E8F2D00E8B630 /* Everywhere.rtf in Resources */,
				1E2848081D1ADDB900189A83 /* LaunchScreen.storyboard in Resources */,
				1E6521861D28BC1F00F41860 /* badge.png in Resources */,
				1E74C3171D26839B000A9790 /* twitter-icon.png in Resources */,
				1E2848051D1ADDB900189A83 /* Assets.xcassets in Resources */,
				4B27FDC31D2CA12000067683 /* FontAwesome.ttf in Resources */,
			);
			runOnlyForDeploymentPostprocessing = 0;
		};
/* End PBXResourcesBuildPhase section */

/* Begin PBXShellScriptBuildPhase section */
		A9777F2EDC7CBB60EFBE0CEC /* 📦 Copy Pods Resources */ = {
			isa = PBXShellScriptBuildPhase;
			buildActionMask = 2147483647;
			files = (
			);
			inputPaths = (
			);
			name = "📦 Copy Pods Resources";
			outputPaths = (
			);
			runOnlyForDeploymentPostprocessing = 0;
			shellPath = /bin/sh;
			shellScript = "\"${SRCROOT}/Pods/Target Support Files/Pods-Everywhere/Pods-Everywhere-resources.sh\"\n";
			showEnvVarsInLog = 0;
		};
		AEDE2DF322BAF4AEFB6F6FCD /* 📦 Check Pods Manifest.lock */ = {
			isa = PBXShellScriptBuildPhase;
			buildActionMask = 2147483647;
			files = (
			);
			inputPaths = (
			);
			name = "📦 Check Pods Manifest.lock";
			outputPaths = (
			);
			runOnlyForDeploymentPostprocessing = 0;
			shellPath = /bin/sh;
			shellScript = "diff \"${PODS_ROOT}/../Podfile.lock\" \"${PODS_ROOT}/Manifest.lock\" > /dev/null\nif [[ $? != 0 ]] ; then\n    cat << EOM\nerror: The sandbox is not in sync with the Podfile.lock. Run 'pod install' or update your CocoaPods installation.\nEOM\n    exit 1\nfi\n";
			showEnvVarsInLog = 0;
		};
		EE2D12173B36A4D6B11CB58C /* 📦 Embed Pods Frameworks */ = {
			isa = PBXShellScriptBuildPhase;
			buildActionMask = 2147483647;
			files = (
			);
			inputPaths = (
			);
			name = "📦 Embed Pods Frameworks";
			outputPaths = (
			);
			runOnlyForDeploymentPostprocessing = 0;
			shellPath = /bin/sh;
			shellScript = "\"${SRCROOT}/Pods/Target Support Files/Pods-Everywhere/Pods-Everywhere-frameworks.sh\"\n";
			showEnvVarsInLog = 0;
		};
/* End PBXShellScriptBuildPhase section */

/* Begin PBXSourcesBuildPhase section */
		1E2847EE1D1ADDB900189A83 /* Sources */ = {
			isa = PBXSourcesBuildPhase;
			buildActionMask = 2147483647;
			files = (
				4B3C10081D1CDCA700C20C72 /* UIView+AutoLayout.m in Sources */,
				4B30E2A81D24A999002C2DE7 /* NSDate+Assistant.m in Sources */,
				1EB047121D2BFF8100298422 /* TNCircularRadioButtonData.m in Sources */,
				4BF356071D2DFD1300649C0F /* GCPolyline.m in Sources */,
				1E74C3081D268377000A9790 /* floatTableViewCell.m in Sources */,
				4BD51FC81D2B47B900F18244 /* PHAssetInfo+CoreDataProperties.m in Sources */,
				1EB047131D2BFF8100298422 /* TNImageRadioButton.m in Sources */,
				1E9D5D421D1E2AFE00E8B630 /* WGS84TOGCJ02.m in Sources */,
				4B27FDC41D2CA12000067683 /* NSString+FontAwesome.m in Sources */,
				1EB047181D2BFF8100298422 /* TNRectangularRadioButton.m in Sources */,
				1E41FD211D2AB66100E1A5B9 /* LocationInfoBar.m in Sources */,
				4B001CD41D21002700DF7287 /* CTPImageBrowserVC.m in Sources */,
				4BD51FC91D2B47B900F18244 /* PHAssetInfo.m in Sources */,
				4B27FDC81D2CAB5500067683 /* AssetDetailVC.m in Sources */,
				1E2848031D1ADDB900189A83 /* Everywhere.xcdatamodeld in Sources */,
				1E6521961D28D56900F41860 /* GCLocationAnalyser.m in Sources */,
				1EB047161D2BFF8100298422 /* TNRadioButtonData.m in Sources */,
				4B001CD61D21002700DF7287 /* CTPMultiImage.m in Sources */,
				4BD51FCF1D2B4B8400F18244 /* EverywhereCoreDataManager.m in Sources */,
				1E2847FA1D1ADDB900189A83 /* EverywhereAppDelegate.m in Sources */,
				1EB047171D2BFF8100298422 /* TNRadioButtonGroup.m in Sources */,
				1E74C30A1D268377000A9790 /* VCFloatingActionButton.m in Sources */,
				1E5A54181D28FE0F0056CF46 /* AssetsMapProVC.m in Sources */,
				4B0D09281D23C94D0047D7E0 /* PHAsset+Assistant.m in Sources */,
				4B27FDC51D2CA12000067683 /* UIButton+Bootstrap.m in Sources */,
				1EC3138F1D27FC4800A2C301 /* CalendarVC.m in Sources */,
				4B001CD51D21002700DF7287 /* CTPImageView.m in Sources */,
				4B1A60431D2E45D0000DA6E7 /* GCRoutePolylineManager.m in Sources */,
				4B001CD71D21002700DF7287 /* CTPWaitingView.m in Sources */,
				1E6521841D2899EE00F41860 /* GCPhotoManager.m in Sources */,
				1EB047111D2BFF8100298422 /* TNCircularRadioButton.m in Sources */,
				4BD51FCC1D2B4B1B00F18244 /* PHAssetInfo+Assistant.m in Sources */,
				4B5A2C641D2E38EE00F3AE99 /* GCRoutePolyline.m in Sources */,
				1EEA79511D2791A0002B6291 /* EverywhereMKAnnotation.m in Sources */,
				1E2847F71D1ADDB900189A83 /* main.m in Sources */,
				1EB047141D2BFF8100298422 /* TNImageRadioButtonData.m in Sources */,
				1EB047191D2BFF8100298422 /* TNRectangularRadioButtonData.m in Sources */,
				1EB047151D2BFF8100298422 /* TNRadioButton.m in Sources */,
				4B001CDE1D2125FC00DF7287 /* CLPlacemark+Assistant.m in Sources */,
				1E65218D1D28BFB500F41860 /* UIFont+Assistant.m in Sources */,
			);
			runOnlyForDeploymentPostprocessing = 0;
		};
/* End PBXSourcesBuildPhase section */

/* Begin PBXVariantGroup section */
		1E2848061D1ADDB900189A83 /* LaunchScreen.storyboard */ = {
			isa = PBXVariantGroup;
			children = (
				1E2848071D1ADDB900189A83 /* Base */,
			);
			name = LaunchScreen.storyboard;
			sourceTree = "<group>";
		};
/* End PBXVariantGroup section */

/* Begin XCBuildConfiguration section */
		1E28480A1D1ADDB900189A83 /* Debug */ = {
			isa = XCBuildConfiguration;
			buildSettings = {
				ALWAYS_SEARCH_USER_PATHS = NO;
				CLANG_CXX_LANGUAGE_STANDARD = "gnu++0x";
				CLANG_CXX_LIBRARY = "libc++";
				CLANG_ENABLE_MODULES = YES;
				CLANG_ENABLE_OBJC_ARC = YES;
				CLANG_WARN_BOOL_CONVERSION = YES;
				CLANG_WARN_CONSTANT_CONVERSION = YES;
				CLANG_WARN_DIRECT_OBJC_ISA_USAGE = YES_ERROR;
				CLANG_WARN_EMPTY_BODY = YES;
				CLANG_WARN_ENUM_CONVERSION = YES;
				CLANG_WARN_INT_CONVERSION = YES;
				CLANG_WARN_OBJC_ROOT_CLASS = YES_ERROR;
				CLANG_WARN_UNREACHABLE_CODE = YES;
				CLANG_WARN__DUPLICATE_METHOD_MATCH = YES;
				"CODE_SIGN_IDENTITY[sdk=iphoneos*]" = "iPhone Developer";
				COPY_PHASE_STRIP = NO;
				DEBUG_INFORMATION_FORMAT = dwarf;
				ENABLE_STRICT_OBJC_MSGSEND = YES;
				ENABLE_TESTABILITY = YES;
				GCC_C_LANGUAGE_STANDARD = gnu99;
				GCC_DYNAMIC_NO_PIC = NO;
				GCC_NO_COMMON_BLOCKS = YES;
				GCC_OPTIMIZATION_LEVEL = 0;
				GCC_PREPROCESSOR_DEFINITIONS = (
					"DEBUG=1",
					"$(inherited)",
				);
				GCC_WARN_64_TO_32_BIT_CONVERSION = YES;
				GCC_WARN_ABOUT_RETURN_TYPE = YES_ERROR;
				GCC_WARN_UNDECLARED_SELECTOR = YES;
				GCC_WARN_UNINITIALIZED_AUTOS = YES_AGGRESSIVE;
				GCC_WARN_UNUSED_FUNCTION = YES;
				GCC_WARN_UNUSED_VARIABLE = YES;
				IPHONEOS_DEPLOYMENT_TARGET = 9.2;
				MTL_ENABLE_DEBUG_INFO = YES;
				ONLY_ACTIVE_ARCH = YES;
				SDKROOT = iphoneos;
				TARGETED_DEVICE_FAMILY = "1,2";
			};
			name = Debug;
		};
		1E28480B1D1ADDB900189A83 /* Release */ = {
			isa = XCBuildConfiguration;
			buildSettings = {
				ALWAYS_SEARCH_USER_PATHS = NO;
				CLANG_CXX_LANGUAGE_STANDARD = "gnu++0x";
				CLANG_CXX_LIBRARY = "libc++";
				CLANG_ENABLE_MODULES = YES;
				CLANG_ENABLE_OBJC_ARC = YES;
				CLANG_WARN_BOOL_CONVERSION = YES;
				CLANG_WARN_CONSTANT_CONVERSION = YES;
				CLANG_WARN_DIRECT_OBJC_ISA_USAGE = YES_ERROR;
				CLANG_WARN_EMPTY_BODY = YES;
				CLANG_WARN_ENUM_CONVERSION = YES;
				CLANG_WARN_INT_CONVERSION = YES;
				CLANG_WARN_OBJC_ROOT_CLASS = YES_ERROR;
				CLANG_WARN_UNREACHABLE_CODE = YES;
				CLANG_WARN__DUPLICATE_METHOD_MATCH = YES;
				"CODE_SIGN_IDENTITY[sdk=iphoneos*]" = "iPhone Developer";
				COPY_PHASE_STRIP = NO;
				DEBUG_INFORMATION_FORMAT = "dwarf-with-dsym";
				ENABLE_NS_ASSERTIONS = NO;
				ENABLE_STRICT_OBJC_MSGSEND = YES;
				GCC_C_LANGUAGE_STANDARD = gnu99;
				GCC_NO_COMMON_BLOCKS = YES;
				GCC_WARN_64_TO_32_BIT_CONVERSION = YES;
				GCC_WARN_ABOUT_RETURN_TYPE = YES_ERROR;
				GCC_WARN_UNDECLARED_SELECTOR = YES;
				GCC_WARN_UNINITIALIZED_AUTOS = YES_AGGRESSIVE;
				GCC_WARN_UNUSED_FUNCTION = YES;
				GCC_WARN_UNUSED_VARIABLE = YES;
				IPHONEOS_DEPLOYMENT_TARGET = 9.2;
				MTL_ENABLE_DEBUG_INFO = NO;
				SDKROOT = iphoneos;
				TARGETED_DEVICE_FAMILY = "1,2";
				VALIDATE_PRODUCT = YES;
			};
			name = Release;
		};
		1E28480D1D1ADDB900189A83 /* Debug */ = {
			isa = XCBuildConfiguration;
			baseConfigurationReference = 8CB0F045B4429E7E7F66F602 /* Pods-Everywhere.debug.xcconfig */;
			buildSettings = {
				ASSETCATALOG_COMPILER_APPICON_NAME = AppIcon;
				CODE_SIGN_ENTITLEMENTS = Everywhere/Everywhere.entitlements;
				CODE_SIGN_IDENTITY = "iPhone Developer";
				"CODE_SIGN_IDENTITY[sdk=iphoneos*]" = "iPhone Developer";
				GCC_PREFIX_HEADER = Everywhere/PrefixHeader.pch;
				INFOPLIST_FILE = Everywhere/Info.plist;
				IPHONEOS_DEPLOYMENT_TARGET = 8.0;
				LD_RUNPATH_SEARCH_PATHS = "$(inherited) @executable_path/Frameworks";
				PRODUCT_BUNDLE_IDENTIFIER = com.ZhangBaoGuo.Everywhere;
				PRODUCT_NAME = "$(TARGET_NAME)";
				PROVISIONING_PROFILE = "";
			};
			name = Debug;
		};
		1E28480E1D1ADDB900189A83 /* Release */ = {
			isa = XCBuildConfiguration;
			baseConfigurationReference = 6C5CC4DC43B9922DBD449DFF /* Pods-Everywhere.release.xcconfig */;
			buildSettings = {
				ASSETCATALOG_COMPILER_APPICON_NAME = AppIcon;
				CODE_SIGN_ENTITLEMENTS = Everywhere/Everywhere.entitlements;
				CODE_SIGN_IDENTITY = "iPhone Developer";
				"CODE_SIGN_IDENTITY[sdk=iphoneos*]" = "iPhone Developer";
				GCC_PREFIX_HEADER = Everywhere/PrefixHeader.pch;
				INFOPLIST_FILE = Everywhere/Info.plist;
				IPHONEOS_DEPLOYMENT_TARGET = 8.0;
				LD_RUNPATH_SEARCH_PATHS = "$(inherited) @executable_path/Frameworks";
				PRODUCT_BUNDLE_IDENTIFIER = com.ZhangBaoGuo.Everywhere;
				PRODUCT_NAME = "$(TARGET_NAME)";
				PROVISIONING_PROFILE = "";
			};
			name = Release;
		};
/* End XCBuildConfiguration section */

/* Begin XCConfigurationList section */
		1E2847ED1D1ADDB900189A83 /* Build configuration list for PBXProject "Everywhere" */ = {
			isa = XCConfigurationList;
			buildConfigurations = (
				1E28480A1D1ADDB900189A83 /* Debug */,
				1E28480B1D1ADDB900189A83 /* Release */,
			);
			defaultConfigurationIsVisible = 0;
			defaultConfigurationName = Release;
		};
		1E28480C1D1ADDB900189A83 /* Build configuration list for PBXNativeTarget "Everywhere" */ = {
			isa = XCConfigurationList;
			buildConfigurations = (
				1E28480D1D1ADDB900189A83 /* Debug */,
				1E28480E1D1ADDB900189A83 /* Release */,
			);
			defaultConfigurationIsVisible = 0;
			defaultConfigurationName = Release;
		};
/* End XCConfigurationList section */

/* Begin XCVersionGroup section */
		1E2848011D1ADDB900189A83 /* Everywhere.xcdatamodeld */ = {
			isa = XCVersionGroup;
			children = (
				1E2848021D1ADDB900189A83 /* Everywhere.xcdatamodel */,
			);
			currentVersion = 1E2848021D1ADDB900189A83 /* Everywhere.xcdatamodel */;
			path = Everywhere.xcdatamodeld;
			sourceTree = "<group>";
			versionGroupType = wrapper.xcdatamodel;
		};
/* End XCVersionGroup section */
	};
	rootObject = 1E2847EA1D1ADDB900189A83 /* Project object */;
}
